// !$*UTF8*$!
{
	archiveVersion = 1;
	classes = {
	};
	objectVersion = 55;
	objects = {

/* Begin PBXBuildFile section */
		A4BE92E2280812D6004C5238 /* LKS_LocalInspectManager.h in Headers */ = {isa = PBXBuildFile; fileRef = A4BE9243280812D6004C5238 /* LKS_LocalInspectManager.h */; };
		A4BE92E3280812D6004C5238 /* LKS_LocalInspectViewController.h in Headers */ = {isa = PBXBuildFile; fileRef = A4BE9244280812D6004C5238 /* LKS_LocalInspectViewController.h */; };
		A4BE92E4280812D6004C5238 /* LKS_LocalInspectPanelLabelView.m in Sources */ = {isa = PBXBuildFile; fileRef = A4BE9245280812D6004C5238 /* LKS_LocalInspectPanelLabelView.m */; };
		A4BE92E5280812D6004C5238 /* LKS_LocalInspectManager.m in Sources */ = {isa = PBXBuildFile; fileRef = A4BE9246280812D6004C5238 /* LKS_LocalInspectManager.m */; };
		A4BE92E6280812D6004C5238 /* LKS_LocalInspectViewController.m in Sources */ = {isa = PBXBuildFile; fileRef = A4BE9247280812D6004C5238 /* LKS_LocalInspectViewController.m */; };
		A4BE92E7280812D6004C5238 /* LKS_LocalInspectPanelLabelView.h in Headers */ = {isa = PBXBuildFile; fileRef = A4BE9248280812D6004C5238 /* LKS_LocalInspectPanelLabelView.h */; };
		A4BE92E8280812D6004C5238 /* UIView+LookinServer.h in Headers */ = {isa = PBXBuildFile; fileRef = A4BE924A280812D6004C5238 /* UIView+LookinServer.h */; };
		A4BE92E9280812D6004C5238 /* UIViewController+LookinServer.h in Headers */ = {isa = PBXBuildFile; fileRef = A4BE924B280812D6004C5238 /* UIViewController+LookinServer.h */; };
		A4BE92EA280812D6004C5238 /* UITableView+LookinServer.h in Headers */ = {isa = PBXBuildFile; fileRef = A4BE924C280812D6004C5238 /* UITableView+LookinServer.h */; };
		A4BE92EB280812D6004C5238 /* UILabel+LookinServer.h in Headers */ = {isa = PBXBuildFile; fileRef = A4BE924D280812D6004C5238 /* UILabel+LookinServer.h */; };
		A4BE92EC280812D6004C5238 /* UIVisualEffectView+LookinServer.h in Headers */ = {isa = PBXBuildFile; fileRef = A4BE924E280812D6004C5238 /* UIVisualEffectView+LookinServer.h */; };
		A4BE92ED280812D6004C5238 /* UIImage+LookinServer.m in Sources */ = {isa = PBXBuildFile; fileRef = A4BE924F280812D6004C5238 /* UIImage+LookinServer.m */; };
		A4BE92EE280812D6004C5238 /* UITextField+LookinServer.h in Headers */ = {isa = PBXBuildFile; fileRef = A4BE9250280812D6004C5238 /* UITextField+LookinServer.h */; };
		A4BE92EF280812D6004C5238 /* NSObject+LookinServer.h in Headers */ = {isa = PBXBuildFile; fileRef = A4BE9251280812D6004C5238 /* NSObject+LookinServer.h */; };
		A4BE92F0280812D6004C5238 /* UIBlurEffect+LookinServer.h in Headers */ = {isa = PBXBuildFile; fileRef = A4BE9252280812D6004C5238 /* UIBlurEffect+LookinServer.h */; };
		A4BE92F1280812D6004C5238 /* UIColor+LookinServer.h in Headers */ = {isa = PBXBuildFile; fileRef = A4BE9253280812D6004C5238 /* UIColor+LookinServer.h */; };
		A4BE92F2280812D6004C5238 /* CALayer+LookinServer.h in Headers */ = {isa = PBXBuildFile; fileRef = A4BE9254280812D6004C5238 /* CALayer+LookinServer.h */; };
		A4BE92F3280812D6004C5238 /* UITextView+LookinServer.h in Headers */ = {isa = PBXBuildFile; fileRef = A4BE9255280812D6004C5238 /* UITextView+LookinServer.h */; };
		A4BE92F4280812D6004C5238 /* UIImageView+LookinServer.h in Headers */ = {isa = PBXBuildFile; fileRef = A4BE9256280812D6004C5238 /* UIImageView+LookinServer.h */; };
		A4BE92F5280812D6004C5238 /* UIGestureRecognizer+LookinServer.h in Headers */ = {isa = PBXBuildFile; fileRef = A4BE9257280812D6004C5238 /* UIGestureRecognizer+LookinServer.h */; };
		A4BE92F6280812D6004C5238 /* UITableView+LookinServer.m in Sources */ = {isa = PBXBuildFile; fileRef = A4BE9258280812D6004C5238 /* UITableView+LookinServer.m */; };
		A4BE92F7280812D6004C5238 /* UIViewController+LookinServer.m in Sources */ = {isa = PBXBuildFile; fileRef = A4BE9259280812D6004C5238 /* UIViewController+LookinServer.m */; };
		A4BE92F8280812D6004C5238 /* UIView+LookinServer.m in Sources */ = {isa = PBXBuildFile; fileRef = A4BE925A280812D6004C5238 /* UIView+LookinServer.m */; };
		A4BE92F9280812D6004C5238 /* UITextField+LookinServer.m in Sources */ = {isa = PBXBuildFile; fileRef = A4BE925B280812D6004C5238 /* UITextField+LookinServer.m */; };
		A4BE92FA280812D6004C5238 /* UIImage+LookinServer.h in Headers */ = {isa = PBXBuildFile; fileRef = A4BE925C280812D6004C5238 /* UIImage+LookinServer.h */; };
		A4BE92FB280812D6004C5238 /* UIVisualEffectView+LookinServer.m in Sources */ = {isa = PBXBuildFile; fileRef = A4BE925D280812D6004C5238 /* UIVisualEffectView+LookinServer.m */; };
		A4BE92FC280812D6004C5238 /* UILabel+LookinServer.m in Sources */ = {isa = PBXBuildFile; fileRef = A4BE925E280812D6004C5238 /* UILabel+LookinServer.m */; };
		A4BE92FD280812D6004C5238 /* UITextView+LookinServer.m in Sources */ = {isa = PBXBuildFile; fileRef = A4BE925F280812D6004C5238 /* UITextView+LookinServer.m */; };
		A4BE92FE280812D6004C5238 /* CALayer+LookinServer.m in Sources */ = {isa = PBXBuildFile; fileRef = A4BE9260280812D6004C5238 /* CALayer+LookinServer.m */; };
		A4BE92FF280812D6004C5238 /* UIBlurEffect+LookinServer.m in Sources */ = {isa = PBXBuildFile; fileRef = A4BE9261280812D6004C5238 /* UIBlurEffect+LookinServer.m */; };
		A4BE9300280812D6004C5238 /* UIColor+LookinServer.m in Sources */ = {isa = PBXBuildFile; fileRef = A4BE9262280812D6004C5238 /* UIColor+LookinServer.m */; };
		A4BE9301280812D6004C5238 /* NSObject+LookinServer.m in Sources */ = {isa = PBXBuildFile; fileRef = A4BE9263280812D6004C5238 /* NSObject+LookinServer.m */; };
		A4BE9302280812D6004C5238 /* UIGestureRecognizer+LookinServer.m in Sources */ = {isa = PBXBuildFile; fileRef = A4BE9264280812D6004C5238 /* UIGestureRecognizer+LookinServer.m */; };
		A4BE9303280812D6004C5238 /* UIImageView+LookinServer.m in Sources */ = {isa = PBXBuildFile; fileRef = A4BE9265280812D6004C5238 /* UIImageView+LookinServer.m */; };
		A4BE9304280812D6004C5238 /* LKS_AttrModificationHandler.m in Sources */ = {isa = PBXBuildFile; fileRef = A4BE9268280812D6004C5238 /* LKS_AttrModificationHandler.m */; };
		A4BE9305280812D6004C5238 /* LKS_HierarchyDetailsHandler.h in Headers */ = {isa = PBXBuildFile; fileRef = A4BE9269280812D6004C5238 /* LKS_HierarchyDetailsHandler.h */; };
		A4BE9306280812D6004C5238 /* LKS_AttrModificationPatchHandler.h in Headers */ = {isa = PBXBuildFile; fileRef = A4BE926A280812D6004C5238 /* LKS_AttrModificationPatchHandler.h */; };
		A4BE9307280812D6004C5238 /* LKS_HierarchyDetailsHandler.m in Sources */ = {isa = PBXBuildFile; fileRef = A4BE926B280812D6004C5238 /* LKS_HierarchyDetailsHandler.m */; };
		A4BE9308280812D6004C5238 /* LKS_AttrModificationHandler.h in Headers */ = {isa = PBXBuildFile; fileRef = A4BE926C280812D6004C5238 /* LKS_AttrModificationHandler.h */; };
		A4BE9309280812D6004C5238 /* LKS_AttrModificationPatchHandler.m in Sources */ = {isa = PBXBuildFile; fileRef = A4BE926D280812D6004C5238 /* LKS_AttrModificationPatchHandler.m */; };
		A4BE930A280812D6004C5238 /* LKS_ConnectionManager.m in Sources */ = {isa = PBXBuildFile; fileRef = A4BE926E280812D6004C5238 /* LKS_ConnectionManager.m */; };
		A4BE930B280812D6004C5238 /* LKS_RequestHandler.m in Sources */ = {isa = PBXBuildFile; fileRef = A4BE926F280812D6004C5238 /* LKS_RequestHandler.m */; };
		A4BE930C280812D6004C5238 /* LKS_ConnectionManager.h in Headers */ = {isa = PBXBuildFile; fileRef = A4BE9270280812D6004C5238 /* LKS_ConnectionManager.h */; };
		A4BE930D280812D6004C5238 /* LKS_RequestHandler.h in Headers */ = {isa = PBXBuildFile; fileRef = A4BE9271280812D6004C5238 /* LKS_RequestHandler.h */; };
		A4BE930E280812D6004C5238 /* LKS_ObjectRegistry.h in Headers */ = {isa = PBXBuildFile; fileRef = A4BE9273280812D6004C5238 /* LKS_ObjectRegistry.h */; };
		A4BE930F280812D6004C5238 /* LKS_HierarchyDisplayItemsMaker.h in Headers */ = {isa = PBXBuildFile; fileRef = A4BE9274280812D6004C5238 /* LKS_HierarchyDisplayItemsMaker.h */; };
		A4BE9310280812D6004C5238 /* LKS_MethodTraceManager.h in Headers */ = {isa = PBXBuildFile; fileRef = A4BE9275280812D6004C5238 /* LKS_MethodTraceManager.h */; };
		A4BE9311280812D6004C5238 /* LookinServerDefines.h in Headers */ = {isa = PBXBuildFile; fileRef = A4BE9276280812D6004C5238 /* LookinServerDefines.h */; };
		A4BE9312280812D6004C5238 /* LKS_TraceManager.m in Sources */ = {isa = PBXBuildFile; fileRef = A4BE9277280812D6004C5238 /* LKS_TraceManager.m */; };
		A4BE9313280812D6004C5238 /* LKS_Helper.h in Headers */ = {isa = PBXBuildFile; fileRef = A4BE9278280812D6004C5238 /* LKS_Helper.h */; };
		A4BE9314280812D6004C5238 /* LKS_AttrGroupsMaker.h in Headers */ = {isa = PBXBuildFile; fileRef = A4BE9279280812D6004C5238 /* LKS_AttrGroupsMaker.h */; };
		A4BE9315280812D6004C5238 /* LKS_EventHandlerMaker.h in Headers */ = {isa = PBXBuildFile; fileRef = A4BE927A280812D6004C5238 /* LKS_EventHandlerMaker.h */; };
		A4BE9316280812D6004C5238 /* LKS_ExportManager.m in Sources */ = {isa = PBXBuildFile; fileRef = A4BE927B280812D6004C5238 /* LKS_ExportManager.m */; };
		A4BE9317280812D6004C5238 /* LKS_MethodTraceManager.m in Sources */ = {isa = PBXBuildFile; fileRef = A4BE927C280812D6004C5238 /* LKS_MethodTraceManager.m */; };
		A4BE9318280812D6004C5238 /* LKS_HierarchyDisplayItemsMaker.m in Sources */ = {isa = PBXBuildFile; fileRef = A4BE927D280812D6004C5238 /* LKS_HierarchyDisplayItemsMaker.m */; };
		A4BE9319280812D6004C5238 /* LKS_ObjectRegistry.m in Sources */ = {isa = PBXBuildFile; fileRef = A4BE927E280812D6004C5238 /* LKS_ObjectRegistry.m */; };
		A4BE931A280812D6004C5238 /* LKS_TraceManager.h in Headers */ = {isa = PBXBuildFile; fileRef = A4BE927F280812D6004C5238 /* LKS_TraceManager.h */; };
		A4BE931B280812D6004C5238 /* LKS_AttrGroupsMaker.m in Sources */ = {isa = PBXBuildFile; fileRef = A4BE9280280812D6004C5238 /* LKS_AttrGroupsMaker.m */; };
		A4BE931C280812D6004C5238 /* LKS_Helper.m in Sources */ = {isa = PBXBuildFile; fileRef = A4BE9281280812D6004C5238 /* LKS_Helper.m */; };
		A4BE931D280812D6004C5238 /* LKS_ExportManager.h in Headers */ = {isa = PBXBuildFile; fileRef = A4BE9282280812D6004C5238 /* LKS_ExportManager.h */; };
		A4BE931E280812D6004C5238 /* LKS_EventHandlerMaker.m in Sources */ = {isa = PBXBuildFile; fileRef = A4BE9283280812D6004C5238 /* LKS_EventHandlerMaker.m */; };
		A4BE931F280812D6004C5238 /* LookinServer.h in Headers */ = {isa = PBXBuildFile; fileRef = A4BE9284280812D6004C5238 /* LookinServer.h */; };
		A4BE9320280812D6004C5238 /* LKS_PerspectiveLayer.m in Sources */ = {isa = PBXBuildFile; fileRef = A4BE9286280812D6004C5238 /* LKS_PerspectiveLayer.m */; };
		A4BE9321280812D6004C5238 /* LKS_PerspectiveDataSource.h in Headers */ = {isa = PBXBuildFile; fileRef = A4BE9287280812D6004C5238 /* LKS_PerspectiveDataSource.h */; };
		A4BE9322280812D6004C5238 /* LKS_PerspectiveHierarchyView.h in Headers */ = {isa = PBXBuildFile; fileRef = A4BE9288280812D6004C5238 /* LKS_PerspectiveHierarchyView.h */; };
		A4BE9323280812D6004C5238 /* LKS_PerspectiveToolbarButtons.h in Headers */ = {isa = PBXBuildFile; fileRef = A4BE9289280812D6004C5238 /* LKS_PerspectiveToolbarButtons.h */; };
		A4BE9324280812D6004C5238 /* LKS_PerspectiveManager.m in Sources */ = {isa = PBXBuildFile; fileRef = A4BE928A280812D6004C5238 /* LKS_PerspectiveManager.m */; };
		A4BE9325280812D6004C5238 /* LKS_PerspectiveItemLayer.h in Headers */ = {isa = PBXBuildFile; fileRef = A4BE928B280812D6004C5238 /* LKS_PerspectiveItemLayer.h */; };
		A4BE9326280812D6004C5238 /* LKS_PerspectiveHierarchyCell.h in Headers */ = {isa = PBXBuildFile; fileRef = A4BE928C280812D6004C5238 /* LKS_PerspectiveHierarchyCell.h */; };
		A4BE9327280812D6004C5238 /* LKS_PerspectiveViewController.m in Sources */ = {isa = PBXBuildFile; fileRef = A4BE928D280812D6004C5238 /* LKS_PerspectiveViewController.m */; };
		A4BE9328280812D6004C5238 /* LKS_PerspectiveLayer.h in Headers */ = {isa = PBXBuildFile; fileRef = A4BE928E280812D6004C5238 /* LKS_PerspectiveLayer.h */; };
		A4BE9329280812D6004C5238 /* LKS_PerspectiveToolbarButtons.m in Sources */ = {isa = PBXBuildFile; fileRef = A4BE928F280812D6004C5238 /* LKS_PerspectiveToolbarButtons.m */; };
		A4BE932A280812D6004C5238 /* LKS_PerspectiveHierarchyView.m in Sources */ = {isa = PBXBuildFile; fileRef = A4BE9290280812D6004C5238 /* LKS_PerspectiveHierarchyView.m */; };
		A4BE932B280812D6004C5238 /* LKS_PerspectiveDataSource.m in Sources */ = {isa = PBXBuildFile; fileRef = A4BE9291280812D6004C5238 /* LKS_PerspectiveDataSource.m */; };
		A4BE932C280812D6004C5238 /* LKS_PerspectiveViewController.h in Headers */ = {isa = PBXBuildFile; fileRef = A4BE9292280812D6004C5238 /* LKS_PerspectiveViewController.h */; };
		A4BE932D280812D6004C5238 /* LKS_PerspectiveHierarchyCell.m in Sources */ = {isa = PBXBuildFile; fileRef = A4BE9293280812D6004C5238 /* LKS_PerspectiveHierarchyCell.m */; };
		A4BE932E280812D6004C5238 /* LKS_PerspectiveItemLayer.m in Sources */ = {isa = PBXBuildFile; fileRef = A4BE9294280812D6004C5238 /* LKS_PerspectiveItemLayer.m */; };
		A4BE932F280812D6004C5238 /* LKS_PerspectiveManager.h in Headers */ = {isa = PBXBuildFile; fileRef = A4BE9295280812D6004C5238 /* LKS_PerspectiveManager.h */; };
		A4BE9330280812D6004C5238 /* LookinAttribute.h in Headers */ = {isa = PBXBuildFile; fileRef = A4BE9297280812D6004C5238 /* LookinAttribute.h */; };
		A4BE9331280812D6004C5238 /* LookinDisplayItemDetail.h in Headers */ = {isa = PBXBuildFile; fileRef = A4BE9298280812D6004C5238 /* LookinDisplayItemDetail.h */; };
		A4BE9332280812D6004C5238 /* LookinAttributesGroup.m in Sources */ = {isa = PBXBuildFile; fileRef = A4BE9299280812D6004C5238 /* LookinAttributesGroup.m */; };
		A4BE9333280812D6004C5238 /* LookinAttrType.h in Headers */ = {isa = PBXBuildFile; fileRef = A4BE929A280812D6004C5238 /* LookinAttrType.h */; };
		A4BE9334280812D6004C5238 /* LookinStaticAsyncUpdateTask.h in Headers */ = {isa = PBXBuildFile; fileRef = A4BE929B280812D6004C5238 /* LookinStaticAsyncUpdateTask.h */; };
		A4BE9335280812D6004C5238 /* LookinEventHandler.m in Sources */ = {isa = PBXBuildFile; fileRef = A4BE929C280812D6004C5238 /* LookinEventHandler.m */; };
		A4BE9336280812D6004C5238 /* LookinDisplayItem.m in Sources */ = {isa = PBXBuildFile; fileRef = A4BE929D280812D6004C5238 /* LookinDisplayItem.m */; };
		A4BE9337280812D6004C5238 /* LookinIvarTrace.m in Sources */ = {isa = PBXBuildFile; fileRef = A4BE929E280812D6004C5238 /* LookinIvarTrace.m */; };
		A4BE9338280812D6004C5238 /* NSString+Lookin.m in Sources */ = {isa = PBXBuildFile; fileRef = A4BE92A0280812D6004C5238 /* NSString+Lookin.m */; };
		A4BE9339280812D6004C5238 /* NSArray+Lookin.m in Sources */ = {isa = PBXBuildFile; fileRef = A4BE92A1280812D6004C5238 /* NSArray+Lookin.m */; };
		A4BE933A280812D6004C5238 /* Image+Lookin.m in Sources */ = {isa = PBXBuildFile; fileRef = A4BE92A2280812D6004C5238 /* Image+Lookin.m */; };
		A4BE933B280812D6004C5238 /* NSSet+Lookin.m in Sources */ = {isa = PBXBuildFile; fileRef = A4BE92A3280812D6004C5238 /* NSSet+Lookin.m */; };
		A4BE933C280812D6004C5238 /* CALayer+Lookin.m in Sources */ = {isa = PBXBuildFile; fileRef = A4BE92A4280812D6004C5238 /* CALayer+Lookin.m */; };
		A4BE933D280812D6004C5238 /* Color+Lookin.h in Headers */ = {isa = PBXBuildFile; fileRef = A4BE92A5280812D6004C5238 /* Color+Lookin.h */; };
		A4BE933E280812D6004C5238 /* NSObject+Lookin.h in Headers */ = {isa = PBXBuildFile; fileRef = A4BE92A6280812D6004C5238 /* NSObject+Lookin.h */; };
		A4BE933F280812D6004C5238 /* NSString+Lookin.h in Headers */ = {isa = PBXBuildFile; fileRef = A4BE92A7280812D6004C5238 /* NSString+Lookin.h */; };
		A4BE9340280812D6004C5238 /* Image+Lookin.h in Headers */ = {isa = PBXBuildFile; fileRef = A4BE92A8280812D6004C5238 /* Image+Lookin.h */; };
		A4BE9341280812D6004C5238 /* NSArray+Lookin.h in Headers */ = {isa = PBXBuildFile; fileRef = A4BE92A9280812D6004C5238 /* NSArray+Lookin.h */; };
		A4BE9342280812D6004C5238 /* CALayer+Lookin.h in Headers */ = {isa = PBXBuildFile; fileRef = A4BE92AA280812D6004C5238 /* CALayer+Lookin.h */; };
		A4BE9343280812D6004C5238 /* NSSet+Lookin.h in Headers */ = {isa = PBXBuildFile; fileRef = A4BE92AB280812D6004C5238 /* NSSet+Lookin.h */; };
		A4BE9344280812D6004C5238 /* NSObject+Lookin.m in Sources */ = {isa = PBXBuildFile; fileRef = A4BE92AC280812D6004C5238 /* NSObject+Lookin.m */; };
		A4BE9345280812D6004C5238 /* Color+Lookin.m in Sources */ = {isa = PBXBuildFile; fileRef = A4BE92AD280812D6004C5238 /* Color+Lookin.m */; };
		A4BE9346280812D6004C5238 /* LookinAttributesSection.h in Headers */ = {isa = PBXBuildFile; fileRef = A4BE92AE280812D6004C5238 /* LookinAttributesSection.h */; };
		A4BE9347280812D6004C5238 /* LookinWeakContainer.h in Headers */ = {isa = PBXBuildFile; fileRef = A4BE92AF280812D6004C5238 /* LookinWeakContainer.h */; };
		A4BE9348280812D6004C5238 /* LookinAttributeModification.h in Headers */ = {isa = PBXBuildFile; fileRef = A4BE92B0280812D6004C5238 /* LookinAttributeModification.h */; };
		A4BE9349280812D6004C5238 /* LookinMethodTraceRecord.m in Sources */ = {isa = PBXBuildFile; fileRef = A4BE92B1280812D6004C5238 /* LookinMethodTraceRecord.m */; };
		A4BE934A280812D6004C5238 /* LookinAttrIdentifiers.h in Headers */ = {isa = PBXBuildFile; fileRef = A4BE92B2280812D6004C5238 /* LookinAttrIdentifiers.h */; };
		A4BE934B280812D6004C5238 /* LookinObject.m in Sources */ = {isa = PBXBuildFile; fileRef = A4BE92B3280812D6004C5238 /* LookinObject.m */; };
		A4BE934C280812D6004C5238 /* LookinMsgAttribute.m in Sources */ = {isa = PBXBuildFile; fileRef = A4BE92B5280812D6004C5238 /* LookinMsgAttribute.m */; };
		A4BE934D280812D6004C5238 /* LookinMsgTargetAction.m in Sources */ = {isa = PBXBuildFile; fileRef = A4BE92B6280812D6004C5238 /* LookinMsgTargetAction.m */; };
		A4BE934E280812D6004C5238 /* LookinMsgAttribute.h in Headers */ = {isa = PBXBuildFile; fileRef = A4BE92B7280812D6004C5238 /* LookinMsgAttribute.h */; };
		A4BE934F280812D6004C5238 /* LookinMsgTargetAction.h in Headers */ = {isa = PBXBuildFile; fileRef = A4BE92B8280812D6004C5238 /* LookinMsgTargetAction.h */; };
		A4BE9350280812D6004C5238 /* LookinHierarchyInfo.h in Headers */ = {isa = PBXBuildFile; fileRef = A4BE92B9280812D6004C5238 /* LookinHierarchyInfo.h */; };
		A4BE9351280812D6004C5238 /* LookinDashboardBlueprint.h in Headers */ = {isa = PBXBuildFile; fileRef = A4BE92BA280812D6004C5238 /* LookinDashboardBlueprint.h */; };
		A4BE9352280812D6004C5238 /* LookinAutoLayoutConstraint.m in Sources */ = {isa = PBXBuildFile; fileRef = A4BE92BB280812D6004C5238 /* LookinAutoLayoutConstraint.m */; };
		A4BE9353280812D6004C5238 /* LookinConnectionResponseAttachment.m in Sources */ = {isa = PBXBuildFile; fileRef = A4BE92BC280812D6004C5238 /* LookinConnectionResponseAttachment.m */; };
		A4BE9354280812D6004C5238 /* LookinTuple.m in Sources */ = {isa = PBXBuildFile; fileRef = A4BE92BD280812D6004C5238 /* LookinTuple.m */; };
		A4BE9355280812D6004C5238 /* LookinAppInfo.m in Sources */ = {isa = PBXBuildFile; fileRef = A4BE92BE280812D6004C5238 /* LookinAppInfo.m */; };
		A4BE9356280812D6004C5238 /* LookinHierarchyFile.m in Sources */ = {isa = PBXBuildFile; fileRef = A4BE92BF280812D6004C5238 /* LookinHierarchyFile.m */; };
		A4BE9357280812D6004C5238 /* LookinConnectionAttachment.m in Sources */ = {isa = PBXBuildFile; fileRef = A4BE92C0280812D6004C5238 /* LookinConnectionAttachment.m */; };
		A4BE9358280812D6004C5238 /* LookinAttributesGroup.h in Headers */ = {isa = PBXBuildFile; fileRef = A4BE92C1280812D6004C5238 /* LookinAttributesGroup.h */; };
		A4BE9359280812D6004C5238 /* LookinDisplayItemDetail.m in Sources */ = {isa = PBXBuildFile; fileRef = A4BE92C2280812D6004C5238 /* LookinDisplayItemDetail.m */; };
		A4BE935A280812D6004C5238 /* Lookin_PTChannel.m in Sources */ = {isa = PBXBuildFile; fileRef = A4BE92C4280812D6004C5238 /* Lookin_PTChannel.m */; };
		A4BE935B280812D6004C5238 /* Lookin_PTUSBHub.h in Headers */ = {isa = PBXBuildFile; fileRef = A4BE92C5280812D6004C5238 /* Lookin_PTUSBHub.h */; };
		A4BE935C280812D6004C5238 /* Lookin_PTProtocol.m in Sources */ = {isa = PBXBuildFile; fileRef = A4BE92C6280812D6004C5238 /* Lookin_PTProtocol.m */; };
		A4BE935D280812D6004C5238 /* Peertalk.h in Headers */ = {isa = PBXBuildFile; fileRef = A4BE92C7280812D6004C5238 /* Peertalk.h */; };
		A4BE935E280812D6004C5238 /* Lookin_PTUSBHub.m in Sources */ = {isa = PBXBuildFile; fileRef = A4BE92C8280812D6004C5238 /* Lookin_PTUSBHub.m */; };
		A4BE935F280812D6004C5238 /* Lookin_PTChannel.h in Headers */ = {isa = PBXBuildFile; fileRef = A4BE92C9280812D6004C5238 /* Lookin_PTChannel.h */; };
		A4BE9360280812D6004C5238 /* Lookin_PTProtocol.h in Headers */ = {isa = PBXBuildFile; fileRef = A4BE92CA280812D6004C5238 /* Lookin_PTProtocol.h */; };
		A4BE9361280812D6004C5238 /* Lookin_PTPrivate.h in Headers */ = {isa = PBXBuildFile; fileRef = A4BE92CB280812D6004C5238 /* Lookin_PTPrivate.h */; };
		A4BE9362280812D6004C5238 /* LookinAttribute.m in Sources */ = {isa = PBXBuildFile; fileRef = A4BE92CC280812D6004C5238 /* LookinAttribute.m */; };
		A4BE9363280812D6004C5238 /* LookinScreenshotFetchManager.h in Headers */ = {isa = PBXBuildFile; fileRef = A4BE92CD280812D6004C5238 /* LookinScreenshotFetchManager.h */; };
		A4BE9364280812D6004C5238 /* LookinIvarTrace.h in Headers */ = {isa = PBXBuildFile; fileRef = A4BE92CE280812D6004C5238 /* LookinIvarTrace.h */; };
		A4BE9365280812D6004C5238 /* LookinDisplayItem.h in Headers */ = {isa = PBXBuildFile; fileRef = A4BE92CF280812D6004C5238 /* LookinDisplayItem.h */; };
		A4BE9366280812D6004C5238 /* LookinEventHandler.h in Headers */ = {isa = PBXBuildFile; fileRef = A4BE92D0280812D6004C5238 /* LookinEventHandler.h */; };
		A4BE9367280812D6004C5238 /* LookinStaticAsyncUpdateTask.m in Sources */ = {isa = PBXBuildFile; fileRef = A4BE92D1280812D6004C5238 /* LookinStaticAsyncUpdateTask.m */; };
		A4BE9368280812D6004C5238 /* LookinAttrIdentifiers.m in Sources */ = {isa = PBXBuildFile; fileRef = A4BE92D2280812D6004C5238 /* LookinAttrIdentifiers.m */; };
		A4BE9369280812D6004C5238 /* LookinMethodTraceRecord.h in Headers */ = {isa = PBXBuildFile; fileRef = A4BE92D3280812D6004C5238 /* LookinMethodTraceRecord.h */; };
		A4BE936A280812D6004C5238 /* LookinWeakContainer.m in Sources */ = {isa = PBXBuildFile; fileRef = A4BE92D4280812D6004C5238 /* LookinWeakContainer.m */; };
		A4BE936B280812D6004C5238 /* LookinAttributeModification.m in Sources */ = {isa = PBXBuildFile; fileRef = A4BE92D5280812D6004C5238 /* LookinAttributeModification.m */; };
		A4BE936C280812D6004C5238 /* LookinAttributesSection.m in Sources */ = {isa = PBXBuildFile; fileRef = A4BE92D6280812D6004C5238 /* LookinAttributesSection.m */; };
		A4BE936D280812D6004C5238 /* LookinHierarchyFile.h in Headers */ = {isa = PBXBuildFile; fileRef = A4BE92D7280812D6004C5238 /* LookinHierarchyFile.h */; };
		A4BE936E280812D6004C5238 /* LookinConnectionAttachment.h in Headers */ = {isa = PBXBuildFile; fileRef = A4BE92D8280812D6004C5238 /* LookinConnectionAttachment.h */; };
		A4BE936F280812D7004C5238 /* LookinAppInfo.h in Headers */ = {isa = PBXBuildFile; fileRef = A4BE92D9280812D6004C5238 /* LookinAppInfo.h */; };
		A4BE9370280812D7004C5238 /* LookinTuple.h in Headers */ = {isa = PBXBuildFile; fileRef = A4BE92DA280812D6004C5238 /* LookinTuple.h */; };
		A4BE9371280812D7004C5238 /* LookinAutoLayoutConstraint.h in Headers */ = {isa = PBXBuildFile; fileRef = A4BE92DB280812D6004C5238 /* LookinAutoLayoutConstraint.h */; };
		A4BE9372280812D7004C5238 /* LookinConnectionResponseAttachment.h in Headers */ = {isa = PBXBuildFile; fileRef = A4BE92DC280812D6004C5238 /* LookinConnectionResponseAttachment.h */; };
		A4BE9373280812D7004C5238 /* LookinHierarchyInfo.m in Sources */ = {isa = PBXBuildFile; fileRef = A4BE92DD280812D6004C5238 /* LookinHierarchyInfo.m */; };
		A4BE9374280812D7004C5238 /* LookinDashboardBlueprint.m in Sources */ = {isa = PBXBuildFile; fileRef = A4BE92DE280812D6004C5238 /* LookinDashboardBlueprint.m */; };
		A4BE9375280812D7004C5238 /* LookinDefines.h in Headers */ = {isa = PBXBuildFile; fileRef = A4BE92DF280812D6004C5238 /* LookinDefines.h */; };
		A4BE9376280812D7004C5238 /* LookinObject.h in Headers */ = {isa = PBXBuildFile; fileRef = A4BE92E0280812D6004C5238 /* LookinObject.h */; };
		A4BE9377280812D7004C5238 /* LookinCodingValueType.h in Headers */ = {isa = PBXBuildFile; fileRef = A4BE92E1280812D6004C5238 /* LookinCodingValueType.h */; };
/* End PBXBuildFile section */

/* Begin PBXFileReference section */
		A4BE92362808128A004C5238 /* LookinServer.framework */ = {isa = PBXFileReference; explicitFileType = wrapper.framework; includeInIndex = 0; path = LookinServer.framework; sourceTree = BUILT_PRODUCTS_DIR; };
		A4BE9243280812D6004C5238 /* LKS_LocalInspectManager.h */ = {isa = PBXFileReference; fileEncoding = 4; lastKnownFileType = sourcecode.c.h; path = LKS_LocalInspectManager.h; sourceTree = "<group>"; };
		A4BE9244280812D6004C5238 /* LKS_LocalInspectViewController.h */ = {isa = PBXFileReference; fileEncoding = 4; lastKnownFileType = sourcecode.c.h; path = LKS_LocalInspectViewController.h; sourceTree = "<group>"; };
		A4BE9245280812D6004C5238 /* LKS_LocalInspectPanelLabelView.m */ = {isa = PBXFileReference; fileEncoding = 4; lastKnownFileType = sourcecode.c.objc; path = LKS_LocalInspectPanelLabelView.m; sourceTree = "<group>"; };
		A4BE9246280812D6004C5238 /* LKS_LocalInspectManager.m */ = {isa = PBXFileReference; fileEncoding = 4; lastKnownFileType = sourcecode.c.objc; path = LKS_LocalInspectManager.m; sourceTree = "<group>"; };
		A4BE9247280812D6004C5238 /* LKS_LocalInspectViewController.m */ = {isa = PBXFileReference; fileEncoding = 4; lastKnownFileType = sourcecode.c.objc; path = LKS_LocalInspectViewController.m; sourceTree = "<group>"; };
		A4BE9248280812D6004C5238 /* LKS_LocalInspectPanelLabelView.h */ = {isa = PBXFileReference; fileEncoding = 4; lastKnownFileType = sourcecode.c.h; path = LKS_LocalInspectPanelLabelView.h; sourceTree = "<group>"; };
		A4BE924A280812D6004C5238 /* UIView+LookinServer.h */ = {isa = PBXFileReference; fileEncoding = 4; lastKnownFileType = sourcecode.c.h; path = "UIView+LookinServer.h"; sourceTree = "<group>"; };
		A4BE924B280812D6004C5238 /* UIViewController+LookinServer.h */ = {isa = PBXFileReference; fileEncoding = 4; lastKnownFileType = sourcecode.c.h; path = "UIViewController+LookinServer.h"; sourceTree = "<group>"; };
		A4BE924C280812D6004C5238 /* UITableView+LookinServer.h */ = {isa = PBXFileReference; fileEncoding = 4; lastKnownFileType = sourcecode.c.h; path = "UITableView+LookinServer.h"; sourceTree = "<group>"; };
		A4BE924D280812D6004C5238 /* UILabel+LookinServer.h */ = {isa = PBXFileReference; fileEncoding = 4; lastKnownFileType = sourcecode.c.h; path = "UILabel+LookinServer.h"; sourceTree = "<group>"; };
		A4BE924E280812D6004C5238 /* UIVisualEffectView+LookinServer.h */ = {isa = PBXFileReference; fileEncoding = 4; lastKnownFileType = sourcecode.c.h; path = "UIVisualEffectView+LookinServer.h"; sourceTree = "<group>"; };
		A4BE924F280812D6004C5238 /* UIImage+LookinServer.m */ = {isa = PBXFileReference; fileEncoding = 4; lastKnownFileType = sourcecode.c.objc; path = "UIImage+LookinServer.m"; sourceTree = "<group>"; };
		A4BE9250280812D6004C5238 /* UITextField+LookinServer.h */ = {isa = PBXFileReference; fileEncoding = 4; lastKnownFileType = sourcecode.c.h; path = "UITextField+LookinServer.h"; sourceTree = "<group>"; };
		A4BE9251280812D6004C5238 /* NSObject+LookinServer.h */ = {isa = PBXFileReference; fileEncoding = 4; lastKnownFileType = sourcecode.c.h; path = "NSObject+LookinServer.h"; sourceTree = "<group>"; };
		A4BE9252280812D6004C5238 /* UIBlurEffect+LookinServer.h */ = {isa = PBXFileReference; fileEncoding = 4; lastKnownFileType = sourcecode.c.h; path = "UIBlurEffect+LookinServer.h"; sourceTree = "<group>"; };
		A4BE9253280812D6004C5238 /* UIColor+LookinServer.h */ = {isa = PBXFileReference; fileEncoding = 4; lastKnownFileType = sourcecode.c.h; path = "UIColor+LookinServer.h"; sourceTree = "<group>"; };
		A4BE9254280812D6004C5238 /* CALayer+LookinServer.h */ = {isa = PBXFileReference; fileEncoding = 4; lastKnownFileType = sourcecode.c.h; path = "CALayer+LookinServer.h"; sourceTree = "<group>"; };
		A4BE9255280812D6004C5238 /* UITextView+LookinServer.h */ = {isa = PBXFileReference; fileEncoding = 4; lastKnownFileType = sourcecode.c.h; path = "UITextView+LookinServer.h"; sourceTree = "<group>"; };
		A4BE9256280812D6004C5238 /* UIImageView+LookinServer.h */ = {isa = PBXFileReference; fileEncoding = 4; lastKnownFileType = sourcecode.c.h; path = "UIImageView+LookinServer.h"; sourceTree = "<group>"; };
		A4BE9257280812D6004C5238 /* UIGestureRecognizer+LookinServer.h */ = {isa = PBXFileReference; fileEncoding = 4; lastKnownFileType = sourcecode.c.h; path = "UIGestureRecognizer+LookinServer.h"; sourceTree = "<group>"; };
		A4BE9258280812D6004C5238 /* UITableView+LookinServer.m */ = {isa = PBXFileReference; fileEncoding = 4; lastKnownFileType = sourcecode.c.objc; path = "UITableView+LookinServer.m"; sourceTree = "<group>"; };
		A4BE9259280812D6004C5238 /* UIViewController+LookinServer.m */ = {isa = PBXFileReference; fileEncoding = 4; lastKnownFileType = sourcecode.c.objc; path = "UIViewController+LookinServer.m"; sourceTree = "<group>"; };
		A4BE925A280812D6004C5238 /* UIView+LookinServer.m */ = {isa = PBXFileReference; fileEncoding = 4; lastKnownFileType = sourcecode.c.objc; path = "UIView+LookinServer.m"; sourceTree = "<group>"; };
		A4BE925B280812D6004C5238 /* UITextField+LookinServer.m */ = {isa = PBXFileReference; fileEncoding = 4; lastKnownFileType = sourcecode.c.objc; path = "UITextField+LookinServer.m"; sourceTree = "<group>"; };
		A4BE925C280812D6004C5238 /* UIImage+LookinServer.h */ = {isa = PBXFileReference; fileEncoding = 4; lastKnownFileType = sourcecode.c.h; path = "UIImage+LookinServer.h"; sourceTree = "<group>"; };
		A4BE925D280812D6004C5238 /* UIVisualEffectView+LookinServer.m */ = {isa = PBXFileReference; fileEncoding = 4; lastKnownFileType = sourcecode.c.objc; path = "UIVisualEffectView+LookinServer.m"; sourceTree = "<group>"; };
		A4BE925E280812D6004C5238 /* UILabel+LookinServer.m */ = {isa = PBXFileReference; fileEncoding = 4; lastKnownFileType = sourcecode.c.objc; path = "UILabel+LookinServer.m"; sourceTree = "<group>"; };
		A4BE925F280812D6004C5238 /* UITextView+LookinServer.m */ = {isa = PBXFileReference; fileEncoding = 4; lastKnownFileType = sourcecode.c.objc; path = "UITextView+LookinServer.m"; sourceTree = "<group>"; };
		A4BE9260280812D6004C5238 /* CALayer+LookinServer.m */ = {isa = PBXFileReference; fileEncoding = 4; lastKnownFileType = sourcecode.c.objc; path = "CALayer+LookinServer.m"; sourceTree = "<group>"; };
		A4BE9261280812D6004C5238 /* UIBlurEffect+LookinServer.m */ = {isa = PBXFileReference; fileEncoding = 4; lastKnownFileType = sourcecode.c.objc; path = "UIBlurEffect+LookinServer.m"; sourceTree = "<group>"; };
		A4BE9262280812D6004C5238 /* UIColor+LookinServer.m */ = {isa = PBXFileReference; fileEncoding = 4; lastKnownFileType = sourcecode.c.objc; path = "UIColor+LookinServer.m"; sourceTree = "<group>"; };
		A4BE9263280812D6004C5238 /* NSObject+LookinServer.m */ = {isa = PBXFileReference; fileEncoding = 4; lastKnownFileType = sourcecode.c.objc; path = "NSObject+LookinServer.m"; sourceTree = "<group>"; };
		A4BE9264280812D6004C5238 /* UIGestureRecognizer+LookinServer.m */ = {isa = PBXFileReference; fileEncoding = 4; lastKnownFileType = sourcecode.c.objc; path = "UIGestureRecognizer+LookinServer.m"; sourceTree = "<group>"; };
		A4BE9265280812D6004C5238 /* UIImageView+LookinServer.m */ = {isa = PBXFileReference; fileEncoding = 4; lastKnownFileType = sourcecode.c.objc; path = "UIImageView+LookinServer.m"; sourceTree = "<group>"; };
		A4BE9268280812D6004C5238 /* LKS_AttrModificationHandler.m */ = {isa = PBXFileReference; fileEncoding = 4; lastKnownFileType = sourcecode.c.objc; path = LKS_AttrModificationHandler.m; sourceTree = "<group>"; };
		A4BE9269280812D6004C5238 /* LKS_HierarchyDetailsHandler.h */ = {isa = PBXFileReference; fileEncoding = 4; lastKnownFileType = sourcecode.c.h; path = LKS_HierarchyDetailsHandler.h; sourceTree = "<group>"; };
		A4BE926A280812D6004C5238 /* LKS_AttrModificationPatchHandler.h */ = {isa = PBXFileReference; fileEncoding = 4; lastKnownFileType = sourcecode.c.h; path = LKS_AttrModificationPatchHandler.h; sourceTree = "<group>"; };
		A4BE926B280812D6004C5238 /* LKS_HierarchyDetailsHandler.m */ = {isa = PBXFileReference; fileEncoding = 4; lastKnownFileType = sourcecode.c.objc; path = LKS_HierarchyDetailsHandler.m; sourceTree = "<group>"; };
		A4BE926C280812D6004C5238 /* LKS_AttrModificationHandler.h */ = {isa = PBXFileReference; fileEncoding = 4; lastKnownFileType = sourcecode.c.h; path = LKS_AttrModificationHandler.h; sourceTree = "<group>"; };
		A4BE926D280812D6004C5238 /* LKS_AttrModificationPatchHandler.m */ = {isa = PBXFileReference; fileEncoding = 4; lastKnownFileType = sourcecode.c.objc; path = LKS_AttrModificationPatchHandler.m; sourceTree = "<group>"; };
		A4BE926E280812D6004C5238 /* LKS_ConnectionManager.m */ = {isa = PBXFileReference; fileEncoding = 4; lastKnownFileType = sourcecode.c.objc; path = LKS_ConnectionManager.m; sourceTree = "<group>"; };
		A4BE926F280812D6004C5238 /* LKS_RequestHandler.m */ = {isa = PBXFileReference; fileEncoding = 4; lastKnownFileType = sourcecode.c.objc; path = LKS_RequestHandler.m; sourceTree = "<group>"; };
		A4BE9270280812D6004C5238 /* LKS_ConnectionManager.h */ = {isa = PBXFileReference; fileEncoding = 4; lastKnownFileType = sourcecode.c.h; path = LKS_ConnectionManager.h; sourceTree = "<group>"; };
		A4BE9271280812D6004C5238 /* LKS_RequestHandler.h */ = {isa = PBXFileReference; fileEncoding = 4; lastKnownFileType = sourcecode.c.h; path = LKS_RequestHandler.h; sourceTree = "<group>"; };
		A4BE9273280812D6004C5238 /* LKS_ObjectRegistry.h */ = {isa = PBXFileReference; fileEncoding = 4; lastKnownFileType = sourcecode.c.h; path = LKS_ObjectRegistry.h; sourceTree = "<group>"; };
		A4BE9274280812D6004C5238 /* LKS_HierarchyDisplayItemsMaker.h */ = {isa = PBXFileReference; fileEncoding = 4; lastKnownFileType = sourcecode.c.h; path = LKS_HierarchyDisplayItemsMaker.h; sourceTree = "<group>"; };
		A4BE9275280812D6004C5238 /* LKS_MethodTraceManager.h */ = {isa = PBXFileReference; fileEncoding = 4; lastKnownFileType = sourcecode.c.h; path = LKS_MethodTraceManager.h; sourceTree = "<group>"; };
		A4BE9276280812D6004C5238 /* LookinServerDefines.h */ = {isa = PBXFileReference; fileEncoding = 4; lastKnownFileType = sourcecode.c.h; path = LookinServerDefines.h; sourceTree = "<group>"; };
		A4BE9277280812D6004C5238 /* LKS_TraceManager.m */ = {isa = PBXFileReference; fileEncoding = 4; lastKnownFileType = sourcecode.c.objc; path = LKS_TraceManager.m; sourceTree = "<group>"; };
		A4BE9278280812D6004C5238 /* LKS_Helper.h */ = {isa = PBXFileReference; fileEncoding = 4; lastKnownFileType = sourcecode.c.h; path = LKS_Helper.h; sourceTree = "<group>"; };
		A4BE9279280812D6004C5238 /* LKS_AttrGroupsMaker.h */ = {isa = PBXFileReference; fileEncoding = 4; lastKnownFileType = sourcecode.c.h; path = LKS_AttrGroupsMaker.h; sourceTree = "<group>"; };
		A4BE927A280812D6004C5238 /* LKS_EventHandlerMaker.h */ = {isa = PBXFileReference; fileEncoding = 4; lastKnownFileType = sourcecode.c.h; path = LKS_EventHandlerMaker.h; sourceTree = "<group>"; };
		A4BE927B280812D6004C5238 /* LKS_ExportManager.m */ = {isa = PBXFileReference; fileEncoding = 4; lastKnownFileType = sourcecode.c.objc; path = LKS_ExportManager.m; sourceTree = "<group>"; };
		A4BE927C280812D6004C5238 /* LKS_MethodTraceManager.m */ = {isa = PBXFileReference; fileEncoding = 4; lastKnownFileType = sourcecode.c.objc; path = LKS_MethodTraceManager.m; sourceTree = "<group>"; };
		A4BE927D280812D6004C5238 /* LKS_HierarchyDisplayItemsMaker.m */ = {isa = PBXFileReference; fileEncoding = 4; lastKnownFileType = sourcecode.c.objc; path = LKS_HierarchyDisplayItemsMaker.m; sourceTree = "<group>"; };
		A4BE927E280812D6004C5238 /* LKS_ObjectRegistry.m */ = {isa = PBXFileReference; fileEncoding = 4; lastKnownFileType = sourcecode.c.objc; path = LKS_ObjectRegistry.m; sourceTree = "<group>"; };
		A4BE927F280812D6004C5238 /* LKS_TraceManager.h */ = {isa = PBXFileReference; fileEncoding = 4; lastKnownFileType = sourcecode.c.h; path = LKS_TraceManager.h; sourceTree = "<group>"; };
		A4BE9280280812D6004C5238 /* LKS_AttrGroupsMaker.m */ = {isa = PBXFileReference; fileEncoding = 4; lastKnownFileType = sourcecode.c.objc; path = LKS_AttrGroupsMaker.m; sourceTree = "<group>"; };
		A4BE9281280812D6004C5238 /* LKS_Helper.m */ = {isa = PBXFileReference; fileEncoding = 4; lastKnownFileType = sourcecode.c.objc; path = LKS_Helper.m; sourceTree = "<group>"; };
		A4BE9282280812D6004C5238 /* LKS_ExportManager.h */ = {isa = PBXFileReference; fileEncoding = 4; lastKnownFileType = sourcecode.c.h; path = LKS_ExportManager.h; sourceTree = "<group>"; };
		A4BE9283280812D6004C5238 /* LKS_EventHandlerMaker.m */ = {isa = PBXFileReference; fileEncoding = 4; lastKnownFileType = sourcecode.c.objc; path = LKS_EventHandlerMaker.m; sourceTree = "<group>"; };
		A4BE9284280812D6004C5238 /* LookinServer.h */ = {isa = PBXFileReference; fileEncoding = 4; lastKnownFileType = sourcecode.c.h; path = LookinServer.h; sourceTree = "<group>"; };
		A4BE9286280812D6004C5238 /* LKS_PerspectiveLayer.m */ = {isa = PBXFileReference; fileEncoding = 4; lastKnownFileType = sourcecode.c.objc; path = LKS_PerspectiveLayer.m; sourceTree = "<group>"; };
		A4BE9287280812D6004C5238 /* LKS_PerspectiveDataSource.h */ = {isa = PBXFileReference; fileEncoding = 4; lastKnownFileType = sourcecode.c.h; path = LKS_PerspectiveDataSource.h; sourceTree = "<group>"; };
		A4BE9288280812D6004C5238 /* LKS_PerspectiveHierarchyView.h */ = {isa = PBXFileReference; fileEncoding = 4; lastKnownFileType = sourcecode.c.h; path = LKS_PerspectiveHierarchyView.h; sourceTree = "<group>"; };
		A4BE9289280812D6004C5238 /* LKS_PerspectiveToolbarButtons.h */ = {isa = PBXFileReference; fileEncoding = 4; lastKnownFileType = sourcecode.c.h; path = LKS_PerspectiveToolbarButtons.h; sourceTree = "<group>"; };
		A4BE928A280812D6004C5238 /* LKS_PerspectiveManager.m */ = {isa = PBXFileReference; fileEncoding = 4; lastKnownFileType = sourcecode.c.objc; path = LKS_PerspectiveManager.m; sourceTree = "<group>"; };
		A4BE928B280812D6004C5238 /* LKS_PerspectiveItemLayer.h */ = {isa = PBXFileReference; fileEncoding = 4; lastKnownFileType = sourcecode.c.h; path = LKS_PerspectiveItemLayer.h; sourceTree = "<group>"; };
		A4BE928C280812D6004C5238 /* LKS_PerspectiveHierarchyCell.h */ = {isa = PBXFileReference; fileEncoding = 4; lastKnownFileType = sourcecode.c.h; path = LKS_PerspectiveHierarchyCell.h; sourceTree = "<group>"; };
		A4BE928D280812D6004C5238 /* LKS_PerspectiveViewController.m */ = {isa = PBXFileReference; fileEncoding = 4; lastKnownFileType = sourcecode.c.objc; path = LKS_PerspectiveViewController.m; sourceTree = "<group>"; };
		A4BE928E280812D6004C5238 /* LKS_PerspectiveLayer.h */ = {isa = PBXFileReference; fileEncoding = 4; lastKnownFileType = sourcecode.c.h; path = LKS_PerspectiveLayer.h; sourceTree = "<group>"; };
		A4BE928F280812D6004C5238 /* LKS_PerspectiveToolbarButtons.m */ = {isa = PBXFileReference; fileEncoding = 4; lastKnownFileType = sourcecode.c.objc; path = LKS_PerspectiveToolbarButtons.m; sourceTree = "<group>"; };
		A4BE9290280812D6004C5238 /* LKS_PerspectiveHierarchyView.m */ = {isa = PBXFileReference; fileEncoding = 4; lastKnownFileType = sourcecode.c.objc; path = LKS_PerspectiveHierarchyView.m; sourceTree = "<group>"; };
		A4BE9291280812D6004C5238 /* LKS_PerspectiveDataSource.m */ = {isa = PBXFileReference; fileEncoding = 4; lastKnownFileType = sourcecode.c.objc; path = LKS_PerspectiveDataSource.m; sourceTree = "<group>"; };
		A4BE9292280812D6004C5238 /* LKS_PerspectiveViewController.h */ = {isa = PBXFileReference; fileEncoding = 4; lastKnownFileType = sourcecode.c.h; path = LKS_PerspectiveViewController.h; sourceTree = "<group>"; };
		A4BE9293280812D6004C5238 /* LKS_PerspectiveHierarchyCell.m */ = {isa = PBXFileReference; fileEncoding = 4; lastKnownFileType = sourcecode.c.objc; path = LKS_PerspectiveHierarchyCell.m; sourceTree = "<group>"; };
		A4BE9294280812D6004C5238 /* LKS_PerspectiveItemLayer.m */ = {isa = PBXFileReference; fileEncoding = 4; lastKnownFileType = sourcecode.c.objc; path = LKS_PerspectiveItemLayer.m; sourceTree = "<group>"; };
		A4BE9295280812D6004C5238 /* LKS_PerspectiveManager.h */ = {isa = PBXFileReference; fileEncoding = 4; lastKnownFileType = sourcecode.c.h; path = LKS_PerspectiveManager.h; sourceTree = "<group>"; };
		A4BE9297280812D6004C5238 /* LookinAttribute.h */ = {isa = PBXFileReference; fileEncoding = 4; lastKnownFileType = sourcecode.c.h; path = LookinAttribute.h; sourceTree = "<group>"; };
		A4BE9298280812D6004C5238 /* LookinDisplayItemDetail.h */ = {isa = PBXFileReference; fileEncoding = 4; lastKnownFileType = sourcecode.c.h; path = LookinDisplayItemDetail.h; sourceTree = "<group>"; };
		A4BE9299280812D6004C5238 /* LookinAttributesGroup.m */ = {isa = PBXFileReference; fileEncoding = 4; lastKnownFileType = sourcecode.c.objc; path = LookinAttributesGroup.m; sourceTree = "<group>"; };
		A4BE929A280812D6004C5238 /* LookinAttrType.h */ = {isa = PBXFileReference; fileEncoding = 4; lastKnownFileType = sourcecode.c.h; path = LookinAttrType.h; sourceTree = "<group>"; };
		A4BE929B280812D6004C5238 /* LookinStaticAsyncUpdateTask.h */ = {isa = PBXFileReference; fileEncoding = 4; lastKnownFileType = sourcecode.c.h; path = LookinStaticAsyncUpdateTask.h; sourceTree = "<group>"; };
		A4BE929C280812D6004C5238 /* LookinEventHandler.m */ = {isa = PBXFileReference; fileEncoding = 4; lastKnownFileType = sourcecode.c.objc; path = LookinEventHandler.m; sourceTree = "<group>"; };
		A4BE929D280812D6004C5238 /* LookinDisplayItem.m */ = {isa = PBXFileReference; fileEncoding = 4; lastKnownFileType = sourcecode.c.objc; path = LookinDisplayItem.m; sourceTree = "<group>"; };
		A4BE929E280812D6004C5238 /* LookinIvarTrace.m */ = {isa = PBXFileReference; fileEncoding = 4; lastKnownFileType = sourcecode.c.objc; path = LookinIvarTrace.m; sourceTree = "<group>"; };
		A4BE92A0280812D6004C5238 /* NSString+Lookin.m */ = {isa = PBXFileReference; fileEncoding = 4; lastKnownFileType = sourcecode.c.objc; path = "NSString+Lookin.m"; sourceTree = "<group>"; };
		A4BE92A1280812D6004C5238 /* NSArray+Lookin.m */ = {isa = PBXFileReference; fileEncoding = 4; lastKnownFileType = sourcecode.c.objc; path = "NSArray+Lookin.m"; sourceTree = "<group>"; };
		A4BE92A2280812D6004C5238 /* Image+Lookin.m */ = {isa = PBXFileReference; fileEncoding = 4; lastKnownFileType = sourcecode.c.objc; path = "Image+Lookin.m"; sourceTree = "<group>"; };
		A4BE92A3280812D6004C5238 /* NSSet+Lookin.m */ = {isa = PBXFileReference; fileEncoding = 4; lastKnownFileType = sourcecode.c.objc; path = "NSSet+Lookin.m"; sourceTree = "<group>"; };
		A4BE92A4280812D6004C5238 /* CALayer+Lookin.m */ = {isa = PBXFileReference; fileEncoding = 4; lastKnownFileType = sourcecode.c.objc; path = "CALayer+Lookin.m"; sourceTree = "<group>"; };
		A4BE92A5280812D6004C5238 /* Color+Lookin.h */ = {isa = PBXFileReference; fileEncoding = 4; lastKnownFileType = sourcecode.c.h; path = "Color+Lookin.h"; sourceTree = "<group>"; };
		A4BE92A6280812D6004C5238 /* NSObject+Lookin.h */ = {isa = PBXFileReference; fileEncoding = 4; lastKnownFileType = sourcecode.c.h; path = "NSObject+Lookin.h"; sourceTree = "<group>"; };
		A4BE92A7280812D6004C5238 /* NSString+Lookin.h */ = {isa = PBXFileReference; fileEncoding = 4; lastKnownFileType = sourcecode.c.h; path = "NSString+Lookin.h"; sourceTree = "<group>"; };
		A4BE92A8280812D6004C5238 /* Image+Lookin.h */ = {isa = PBXFileReference; fileEncoding = 4; lastKnownFileType = sourcecode.c.h; path = "Image+Lookin.h"; sourceTree = "<group>"; };
		A4BE92A9280812D6004C5238 /* NSArray+Lookin.h */ = {isa = PBXFileReference; fileEncoding = 4; lastKnownFileType = sourcecode.c.h; path = "NSArray+Lookin.h"; sourceTree = "<group>"; };
		A4BE92AA280812D6004C5238 /* CALayer+Lookin.h */ = {isa = PBXFileReference; fileEncoding = 4; lastKnownFileType = sourcecode.c.h; path = "CALayer+Lookin.h"; sourceTree = "<group>"; };
		A4BE92AB280812D6004C5238 /* NSSet+Lookin.h */ = {isa = PBXFileReference; fileEncoding = 4; lastKnownFileType = sourcecode.c.h; path = "NSSet+Lookin.h"; sourceTree = "<group>"; };
		A4BE92AC280812D6004C5238 /* NSObject+Lookin.m */ = {isa = PBXFileReference; fileEncoding = 4; lastKnownFileType = sourcecode.c.objc; path = "NSObject+Lookin.m"; sourceTree = "<group>"; };
		A4BE92AD280812D6004C5238 /* Color+Lookin.m */ = {isa = PBXFileReference; fileEncoding = 4; lastKnownFileType = sourcecode.c.objc; path = "Color+Lookin.m"; sourceTree = "<group>"; };
		A4BE92AE280812D6004C5238 /* LookinAttributesSection.h */ = {isa = PBXFileReference; fileEncoding = 4; lastKnownFileType = sourcecode.c.h; path = LookinAttributesSection.h; sourceTree = "<group>"; };
		A4BE92AF280812D6004C5238 /* LookinWeakContainer.h */ = {isa = PBXFileReference; fileEncoding = 4; lastKnownFileType = sourcecode.c.h; path = LookinWeakContainer.h; sourceTree = "<group>"; };
		A4BE92B0280812D6004C5238 /* LookinAttributeModification.h */ = {isa = PBXFileReference; fileEncoding = 4; lastKnownFileType = sourcecode.c.h; path = LookinAttributeModification.h; sourceTree = "<group>"; };
		A4BE92B1280812D6004C5238 /* LookinMethodTraceRecord.m */ = {isa = PBXFileReference; fileEncoding = 4; lastKnownFileType = sourcecode.c.objc; path = LookinMethodTraceRecord.m; sourceTree = "<group>"; };
		A4BE92B2280812D6004C5238 /* LookinAttrIdentifiers.h */ = {isa = PBXFileReference; fileEncoding = 4; lastKnownFileType = sourcecode.c.h; path = LookinAttrIdentifiers.h; sourceTree = "<group>"; };
		A4BE92B3280812D6004C5238 /* LookinObject.m */ = {isa = PBXFileReference; fileEncoding = 4; lastKnownFileType = sourcecode.c.objc; path = LookinObject.m; sourceTree = "<group>"; };
		A4BE92B5280812D6004C5238 /* LookinMsgAttribute.m */ = {isa = PBXFileReference; fileEncoding = 4; lastKnownFileType = sourcecode.c.objc; path = LookinMsgAttribute.m; sourceTree = "<group>"; };
		A4BE92B6280812D6004C5238 /* LookinMsgTargetAction.m */ = {isa = PBXFileReference; fileEncoding = 4; lastKnownFileType = sourcecode.c.objc; path = LookinMsgTargetAction.m; sourceTree = "<group>"; };
		A4BE92B7280812D6004C5238 /* LookinMsgAttribute.h */ = {isa = PBXFileReference; fileEncoding = 4; lastKnownFileType = sourcecode.c.h; path = LookinMsgAttribute.h; sourceTree = "<group>"; };
		A4BE92B8280812D6004C5238 /* LookinMsgTargetAction.h */ = {isa = PBXFileReference; fileEncoding = 4; lastKnownFileType = sourcecode.c.h; path = LookinMsgTargetAction.h; sourceTree = "<group>"; };
		A4BE92B9280812D6004C5238 /* LookinHierarchyInfo.h */ = {isa = PBXFileReference; fileEncoding = 4; lastKnownFileType = sourcecode.c.h; path = LookinHierarchyInfo.h; sourceTree = "<group>"; };
		A4BE92BA280812D6004C5238 /* LookinDashboardBlueprint.h */ = {isa = PBXFileReference; fileEncoding = 4; lastKnownFileType = sourcecode.c.h; path = LookinDashboardBlueprint.h; sourceTree = "<group>"; };
		A4BE92BB280812D6004C5238 /* LookinAutoLayoutConstraint.m */ = {isa = PBXFileReference; fileEncoding = 4; lastKnownFileType = sourcecode.c.objc; path = LookinAutoLayoutConstraint.m; sourceTree = "<group>"; };
		A4BE92BC280812D6004C5238 /* LookinConnectionResponseAttachment.m */ = {isa = PBXFileReference; fileEncoding = 4; lastKnownFileType = sourcecode.c.objc; path = LookinConnectionResponseAttachment.m; sourceTree = "<group>"; };
		A4BE92BD280812D6004C5238 /* LookinTuple.m */ = {isa = PBXFileReference; fileEncoding = 4; lastKnownFileType = sourcecode.c.objc; path = LookinTuple.m; sourceTree = "<group>"; };
		A4BE92BE280812D6004C5238 /* LookinAppInfo.m */ = {isa = PBXFileReference; fileEncoding = 4; lastKnownFileType = sourcecode.c.objc; path = LookinAppInfo.m; sourceTree = "<group>"; };
		A4BE92BF280812D6004C5238 /* LookinHierarchyFile.m */ = {isa = PBXFileReference; fileEncoding = 4; lastKnownFileType = sourcecode.c.objc; path = LookinHierarchyFile.m; sourceTree = "<group>"; };
		A4BE92C0280812D6004C5238 /* LookinConnectionAttachment.m */ = {isa = PBXFileReference; fileEncoding = 4; lastKnownFileType = sourcecode.c.objc; path = LookinConnectionAttachment.m; sourceTree = "<group>"; };
		A4BE92C1280812D6004C5238 /* LookinAttributesGroup.h */ = {isa = PBXFileReference; fileEncoding = 4; lastKnownFileType = sourcecode.c.h; path = LookinAttributesGroup.h; sourceTree = "<group>"; };
		A4BE92C2280812D6004C5238 /* LookinDisplayItemDetail.m */ = {isa = PBXFileReference; fileEncoding = 4; lastKnownFileType = sourcecode.c.objc; path = LookinDisplayItemDetail.m; sourceTree = "<group>"; };
		A4BE92C4280812D6004C5238 /* Lookin_PTChannel.m */ = {isa = PBXFileReference; fileEncoding = 4; lastKnownFileType = sourcecode.c.objc; path = Lookin_PTChannel.m; sourceTree = "<group>"; };
		A4BE92C5280812D6004C5238 /* Lookin_PTUSBHub.h */ = {isa = PBXFileReference; fileEncoding = 4; lastKnownFileType = sourcecode.c.h; path = Lookin_PTUSBHub.h; sourceTree = "<group>"; };
		A4BE92C6280812D6004C5238 /* Lookin_PTProtocol.m */ = {isa = PBXFileReference; fileEncoding = 4; lastKnownFileType = sourcecode.c.objc; path = Lookin_PTProtocol.m; sourceTree = "<group>"; };
		A4BE92C7280812D6004C5238 /* Peertalk.h */ = {isa = PBXFileReference; fileEncoding = 4; lastKnownFileType = sourcecode.c.h; path = Peertalk.h; sourceTree = "<group>"; };
		A4BE92C8280812D6004C5238 /* Lookin_PTUSBHub.m */ = {isa = PBXFileReference; fileEncoding = 4; lastKnownFileType = sourcecode.c.objc; path = Lookin_PTUSBHub.m; sourceTree = "<group>"; };
		A4BE92C9280812D6004C5238 /* Lookin_PTChannel.h */ = {isa = PBXFileReference; fileEncoding = 4; lastKnownFileType = sourcecode.c.h; path = Lookin_PTChannel.h; sourceTree = "<group>"; };
		A4BE92CA280812D6004C5238 /* Lookin_PTProtocol.h */ = {isa = PBXFileReference; fileEncoding = 4; lastKnownFileType = sourcecode.c.h; path = Lookin_PTProtocol.h; sourceTree = "<group>"; };
		A4BE92CB280812D6004C5238 /* Lookin_PTPrivate.h */ = {isa = PBXFileReference; fileEncoding = 4; lastKnownFileType = sourcecode.c.h; path = Lookin_PTPrivate.h; sourceTree = "<group>"; };
		A4BE92CC280812D6004C5238 /* LookinAttribute.m */ = {isa = PBXFileReference; fileEncoding = 4; lastKnownFileType = sourcecode.c.objc; path = LookinAttribute.m; sourceTree = "<group>"; };
		A4BE92CD280812D6004C5238 /* LookinScreenshotFetchManager.h */ = {isa = PBXFileReference; fileEncoding = 4; lastKnownFileType = sourcecode.c.h; path = LookinScreenshotFetchManager.h; sourceTree = "<group>"; };
		A4BE92CE280812D6004C5238 /* LookinIvarTrace.h */ = {isa = PBXFileReference; fileEncoding = 4; lastKnownFileType = sourcecode.c.h; path = LookinIvarTrace.h; sourceTree = "<group>"; };
		A4BE92CF280812D6004C5238 /* LookinDisplayItem.h */ = {isa = PBXFileReference; fileEncoding = 4; lastKnownFileType = sourcecode.c.h; path = LookinDisplayItem.h; sourceTree = "<group>"; };
		A4BE92D0280812D6004C5238 /* LookinEventHandler.h */ = {isa = PBXFileReference; fileEncoding = 4; lastKnownFileType = sourcecode.c.h; path = LookinEventHandler.h; sourceTree = "<group>"; };
		A4BE92D1280812D6004C5238 /* LookinStaticAsyncUpdateTask.m */ = {isa = PBXFileReference; fileEncoding = 4; lastKnownFileType = sourcecode.c.objc; path = LookinStaticAsyncUpdateTask.m; sourceTree = "<group>"; };
		A4BE92D2280812D6004C5238 /* LookinAttrIdentifiers.m */ = {isa = PBXFileReference; fileEncoding = 4; lastKnownFileType = sourcecode.c.objc; path = LookinAttrIdentifiers.m; sourceTree = "<group>"; };
		A4BE92D3280812D6004C5238 /* LookinMethodTraceRecord.h */ = {isa = PBXFileReference; fileEncoding = 4; lastKnownFileType = sourcecode.c.h; path = LookinMethodTraceRecord.h; sourceTree = "<group>"; };
		A4BE92D4280812D6004C5238 /* LookinWeakContainer.m */ = {isa = PBXFileReference; fileEncoding = 4; lastKnownFileType = sourcecode.c.objc; path = LookinWeakContainer.m; sourceTree = "<group>"; };
		A4BE92D5280812D6004C5238 /* LookinAttributeModification.m */ = {isa = PBXFileReference; fileEncoding = 4; lastKnownFileType = sourcecode.c.objc; path = LookinAttributeModification.m; sourceTree = "<group>"; };
		A4BE92D6280812D6004C5238 /* LookinAttributesSection.m */ = {isa = PBXFileReference; fileEncoding = 4; lastKnownFileType = sourcecode.c.objc; path = LookinAttributesSection.m; sourceTree = "<group>"; };
		A4BE92D7280812D6004C5238 /* LookinHierarchyFile.h */ = {isa = PBXFileReference; fileEncoding = 4; lastKnownFileType = sourcecode.c.h; path = LookinHierarchyFile.h; sourceTree = "<group>"; };
		A4BE92D8280812D6004C5238 /* LookinConnectionAttachment.h */ = {isa = PBXFileReference; fileEncoding = 4; lastKnownFileType = sourcecode.c.h; path = LookinConnectionAttachment.h; sourceTree = "<group>"; };
		A4BE92D9280812D6004C5238 /* LookinAppInfo.h */ = {isa = PBXFileReference; fileEncoding = 4; lastKnownFileType = sourcecode.c.h; path = LookinAppInfo.h; sourceTree = "<group>"; };
		A4BE92DA280812D6004C5238 /* LookinTuple.h */ = {isa = PBXFileReference; fileEncoding = 4; lastKnownFileType = sourcecode.c.h; path = LookinTuple.h; sourceTree = "<group>"; };
		A4BE92DB280812D6004C5238 /* LookinAutoLayoutConstraint.h */ = {isa = PBXFileReference; fileEncoding = 4; lastKnownFileType = sourcecode.c.h; path = LookinAutoLayoutConstraint.h; sourceTree = "<group>"; };
		A4BE92DC280812D6004C5238 /* LookinConnectionResponseAttachment.h */ = {isa = PBXFileReference; fileEncoding = 4; lastKnownFileType = sourcecode.c.h; path = LookinConnectionResponseAttachment.h; sourceTree = "<group>"; };
		A4BE92DD280812D6004C5238 /* LookinHierarchyInfo.m */ = {isa = PBXFileReference; fileEncoding = 4; lastKnownFileType = sourcecode.c.objc; path = LookinHierarchyInfo.m; sourceTree = "<group>"; };
		A4BE92DE280812D6004C5238 /* LookinDashboardBlueprint.m */ = {isa = PBXFileReference; fileEncoding = 4; lastKnownFileType = sourcecode.c.objc; path = LookinDashboardBlueprint.m; sourceTree = "<group>"; };
		A4BE92DF280812D6004C5238 /* LookinDefines.h */ = {isa = PBXFileReference; fileEncoding = 4; lastKnownFileType = sourcecode.c.h; path = LookinDefines.h; sourceTree = "<group>"; };
		A4BE92E0280812D6004C5238 /* LookinObject.h */ = {isa = PBXFileReference; fileEncoding = 4; lastKnownFileType = sourcecode.c.h; path = LookinObject.h; sourceTree = "<group>"; };
		A4BE92E1280812D6004C5238 /* LookinCodingValueType.h */ = {isa = PBXFileReference; fileEncoding = 4; lastKnownFileType = sourcecode.c.h; path = LookinCodingValueType.h; sourceTree = "<group>"; };
		A4BE937828081345004C5238 /* Package.swift */ = {isa = PBXFileReference; lastKnownFileType = sourcecode.swift; path = Package.swift; sourceTree = "<group>"; };
/* End PBXFileReference section */

/* Begin PBXFrameworksBuildPhase section */
		A4BE92332808128A004C5238 /* Frameworks */ = {
			isa = PBXFrameworksBuildPhase;
			buildActionMask = 2147483647;
			files = (
			);
			runOnlyForDeploymentPostprocessing = 0;
		};
/* End PBXFrameworksBuildPhase section */

/* Begin PBXGroup section */
		A4BE922C2808128A004C5238 = {
			isa = PBXGroup;
			children = (
				A4BE937828081345004C5238 /* Package.swift */,
				A4BE9240280812D6004C5238 /* Src */,
				A4BE92372808128A004C5238 /* Products */,
			);
			sourceTree = "<group>";
		};
		A4BE92372808128A004C5238 /* Products */ = {
			isa = PBXGroup;
			children = (
				A4BE92362808128A004C5238 /* LookinServer.framework */,
			);
			name = Products;
			sourceTree = "<group>";
		};
		A4BE9240280812D6004C5238 /* Src */ = {
			isa = PBXGroup;
			children = (
				A4BE9241280812D6004C5238 /* Server */,
				A4BE9296280812D6004C5238 /* Shared */,
			);
			path = Src;
			sourceTree = "<group>";
		};
		A4BE9241280812D6004C5238 /* Server */ = {
			isa = PBXGroup;
			children = (
				A4BE9242280812D6004C5238 /* Inspect */,
				A4BE9249280812D6004C5238 /* Category */,
				A4BE9266280812D6004C5238 /* Connection */,
				A4BE9272280812D6004C5238 /* Others */,
				A4BE9284280812D6004C5238 /* LookinServer.h */,
				A4BE9285280812D6004C5238 /* Perspective */,
			);
			path = Server;
			sourceTree = "<group>";
		};
		A4BE9242280812D6004C5238 /* Inspect */ = {
			isa = PBXGroup;
			children = (
				A4BE9243280812D6004C5238 /* LKS_LocalInspectManager.h */,
				A4BE9244280812D6004C5238 /* LKS_LocalInspectViewController.h */,
				A4BE9245280812D6004C5238 /* LKS_LocalInspectPanelLabelView.m */,
				A4BE9246280812D6004C5238 /* LKS_LocalInspectManager.m */,
				A4BE9247280812D6004C5238 /* LKS_LocalInspectViewController.m */,
				A4BE9248280812D6004C5238 /* LKS_LocalInspectPanelLabelView.h */,
			);
			path = Inspect;
			sourceTree = "<group>";
		};
		A4BE9249280812D6004C5238 /* Category */ = {
			isa = PBXGroup;
			children = (
				A4BE924A280812D6004C5238 /* UIView+LookinServer.h */,
				A4BE924B280812D6004C5238 /* UIViewController+LookinServer.h */,
				A4BE924C280812D6004C5238 /* UITableView+LookinServer.h */,
				A4BE924D280812D6004C5238 /* UILabel+LookinServer.h */,
				A4BE924E280812D6004C5238 /* UIVisualEffectView+LookinServer.h */,
				A4BE924F280812D6004C5238 /* UIImage+LookinServer.m */,
				A4BE9250280812D6004C5238 /* UITextField+LookinServer.h */,
				A4BE9251280812D6004C5238 /* NSObject+LookinServer.h */,
				A4BE9252280812D6004C5238 /* UIBlurEffect+LookinServer.h */,
				A4BE9253280812D6004C5238 /* UIColor+LookinServer.h */,
				A4BE9254280812D6004C5238 /* CALayer+LookinServer.h */,
				A4BE9255280812D6004C5238 /* UITextView+LookinServer.h */,
				A4BE9256280812D6004C5238 /* UIImageView+LookinServer.h */,
				A4BE9257280812D6004C5238 /* UIGestureRecognizer+LookinServer.h */,
				A4BE9258280812D6004C5238 /* UITableView+LookinServer.m */,
				A4BE9259280812D6004C5238 /* UIViewController+LookinServer.m */,
				A4BE925A280812D6004C5238 /* UIView+LookinServer.m */,
				A4BE925B280812D6004C5238 /* UITextField+LookinServer.m */,
				A4BE925C280812D6004C5238 /* UIImage+LookinServer.h */,
				A4BE925D280812D6004C5238 /* UIVisualEffectView+LookinServer.m */,
				A4BE925E280812D6004C5238 /* UILabel+LookinServer.m */,
				A4BE925F280812D6004C5238 /* UITextView+LookinServer.m */,
				A4BE9260280812D6004C5238 /* CALayer+LookinServer.m */,
				A4BE9261280812D6004C5238 /* UIBlurEffect+LookinServer.m */,
				A4BE9262280812D6004C5238 /* UIColor+LookinServer.m */,
				A4BE9263280812D6004C5238 /* NSObject+LookinServer.m */,
				A4BE9264280812D6004C5238 /* UIGestureRecognizer+LookinServer.m */,
				A4BE9265280812D6004C5238 /* UIImageView+LookinServer.m */,
			);
			path = Category;
			sourceTree = "<group>";
		};
		A4BE9266280812D6004C5238 /* Connection */ = {
			isa = PBXGroup;
			children = (
				A4BE9267280812D6004C5238 /* RequestHandler */,
				A4BE926E280812D6004C5238 /* LKS_ConnectionManager.m */,
				A4BE926F280812D6004C5238 /* LKS_RequestHandler.m */,
				A4BE9270280812D6004C5238 /* LKS_ConnectionManager.h */,
				A4BE9271280812D6004C5238 /* LKS_RequestHandler.h */,
			);
			path = Connection;
			sourceTree = "<group>";
		};
		A4BE9267280812D6004C5238 /* RequestHandler */ = {
			isa = PBXGroup;
			children = (
				A4BE9268280812D6004C5238 /* LKS_AttrModificationHandler.m */,
				A4BE9269280812D6004C5238 /* LKS_HierarchyDetailsHandler.h */,
				A4BE926A280812D6004C5238 /* LKS_AttrModificationPatchHandler.h */,
				A4BE926B280812D6004C5238 /* LKS_HierarchyDetailsHandler.m */,
				A4BE926C280812D6004C5238 /* LKS_AttrModificationHandler.h */,
				A4BE926D280812D6004C5238 /* LKS_AttrModificationPatchHandler.m */,
			);
			path = RequestHandler;
			sourceTree = "<group>";
		};
		A4BE9272280812D6004C5238 /* Others */ = {
			isa = PBXGroup;
			children = (
				A4BE9273280812D6004C5238 /* LKS_ObjectRegistry.h */,
				A4BE9274280812D6004C5238 /* LKS_HierarchyDisplayItemsMaker.h */,
				A4BE9275280812D6004C5238 /* LKS_MethodTraceManager.h */,
				A4BE9276280812D6004C5238 /* LookinServerDefines.h */,
				A4BE9277280812D6004C5238 /* LKS_TraceManager.m */,
				A4BE9278280812D6004C5238 /* LKS_Helper.h */,
				A4BE9279280812D6004C5238 /* LKS_AttrGroupsMaker.h */,
				A4BE927A280812D6004C5238 /* LKS_EventHandlerMaker.h */,
				A4BE927B280812D6004C5238 /* LKS_ExportManager.m */,
				A4BE927C280812D6004C5238 /* LKS_MethodTraceManager.m */,
				A4BE927D280812D6004C5238 /* LKS_HierarchyDisplayItemsMaker.m */,
				A4BE927E280812D6004C5238 /* LKS_ObjectRegistry.m */,
				A4BE927F280812D6004C5238 /* LKS_TraceManager.h */,
				A4BE9280280812D6004C5238 /* LKS_AttrGroupsMaker.m */,
				A4BE9281280812D6004C5238 /* LKS_Helper.m */,
				A4BE9282280812D6004C5238 /* LKS_ExportManager.h */,
				A4BE9283280812D6004C5238 /* LKS_EventHandlerMaker.m */,
			);
			path = Others;
			sourceTree = "<group>";
		};
		A4BE9285280812D6004C5238 /* Perspective */ = {
			isa = PBXGroup;
			children = (
				A4BE9286280812D6004C5238 /* LKS_PerspectiveLayer.m */,
				A4BE9287280812D6004C5238 /* LKS_PerspectiveDataSource.h */,
				A4BE9288280812D6004C5238 /* LKS_PerspectiveHierarchyView.h */,
				A4BE9289280812D6004C5238 /* LKS_PerspectiveToolbarButtons.h */,
				A4BE928A280812D6004C5238 /* LKS_PerspectiveManager.m */,
				A4BE928B280812D6004C5238 /* LKS_PerspectiveItemLayer.h */,
				A4BE928C280812D6004C5238 /* LKS_PerspectiveHierarchyCell.h */,
				A4BE928D280812D6004C5238 /* LKS_PerspectiveViewController.m */,
				A4BE928E280812D6004C5238 /* LKS_PerspectiveLayer.h */,
				A4BE928F280812D6004C5238 /* LKS_PerspectiveToolbarButtons.m */,
				A4BE9290280812D6004C5238 /* LKS_PerspectiveHierarchyView.m */,
				A4BE9291280812D6004C5238 /* LKS_PerspectiveDataSource.m */,
				A4BE9292280812D6004C5238 /* LKS_PerspectiveViewController.h */,
				A4BE9293280812D6004C5238 /* LKS_PerspectiveHierarchyCell.m */,
				A4BE9294280812D6004C5238 /* LKS_PerspectiveItemLayer.m */,
				A4BE9295280812D6004C5238 /* LKS_PerspectiveManager.h */,
			);
			path = Perspective;
			sourceTree = "<group>";
		};
		A4BE9296280812D6004C5238 /* Shared */ = {
			isa = PBXGroup;
			children = (
				A4BE9297280812D6004C5238 /* LookinAttribute.h */,
				A4BE9298280812D6004C5238 /* LookinDisplayItemDetail.h */,
				A4BE9299280812D6004C5238 /* LookinAttributesGroup.m */,
				A4BE929A280812D6004C5238 /* LookinAttrType.h */,
				A4BE929B280812D6004C5238 /* LookinStaticAsyncUpdateTask.h */,
				A4BE929C280812D6004C5238 /* LookinEventHandler.m */,
				A4BE929D280812D6004C5238 /* LookinDisplayItem.m */,
				A4BE929E280812D6004C5238 /* LookinIvarTrace.m */,
				A4BE929F280812D6004C5238 /* Category */,
				A4BE92AE280812D6004C5238 /* LookinAttributesSection.h */,
				A4BE92AF280812D6004C5238 /* LookinWeakContainer.h */,
				A4BE92B0280812D6004C5238 /* LookinAttributeModification.h */,
				A4BE92B1280812D6004C5238 /* LookinMethodTraceRecord.m */,
				A4BE92B2280812D6004C5238 /* LookinAttrIdentifiers.h */,
				A4BE92B3280812D6004C5238 /* LookinObject.m */,
				A4BE92B4280812D6004C5238 /* Message */,
				A4BE92B9280812D6004C5238 /* LookinHierarchyInfo.h */,
				A4BE92BA280812D6004C5238 /* LookinDashboardBlueprint.h */,
				A4BE92BB280812D6004C5238 /* LookinAutoLayoutConstraint.m */,
				A4BE92BC280812D6004C5238 /* LookinConnectionResponseAttachment.m */,
				A4BE92BD280812D6004C5238 /* LookinTuple.m */,
				A4BE92BE280812D6004C5238 /* LookinAppInfo.m */,
				A4BE92BF280812D6004C5238 /* LookinHierarchyFile.m */,
				A4BE92C0280812D6004C5238 /* LookinConnectionAttachment.m */,
				A4BE92C1280812D6004C5238 /* LookinAttributesGroup.h */,
				A4BE92C2280812D6004C5238 /* LookinDisplayItemDetail.m */,
				A4BE92C3280812D6004C5238 /* Peertalk */,
				A4BE92CC280812D6004C5238 /* LookinAttribute.m */,
				A4BE92CD280812D6004C5238 /* LookinScreenshotFetchManager.h */,
				A4BE92CE280812D6004C5238 /* LookinIvarTrace.h */,
				A4BE92CF280812D6004C5238 /* LookinDisplayItem.h */,
				A4BE92D0280812D6004C5238 /* LookinEventHandler.h */,
				A4BE92D1280812D6004C5238 /* LookinStaticAsyncUpdateTask.m */,
				A4BE92D2280812D6004C5238 /* LookinAttrIdentifiers.m */,
				A4BE92D3280812D6004C5238 /* LookinMethodTraceRecord.h */,
				A4BE92D4280812D6004C5238 /* LookinWeakContainer.m */,
				A4BE92D5280812D6004C5238 /* LookinAttributeModification.m */,
				A4BE92D6280812D6004C5238 /* LookinAttributesSection.m */,
				A4BE92D7280812D6004C5238 /* LookinHierarchyFile.h */,
				A4BE92D8280812D6004C5238 /* LookinConnectionAttachment.h */,
				A4BE92D9280812D6004C5238 /* LookinAppInfo.h */,
				A4BE92DA280812D6004C5238 /* LookinTuple.h */,
				A4BE92DB280812D6004C5238 /* LookinAutoLayoutConstraint.h */,
				A4BE92DC280812D6004C5238 /* LookinConnectionResponseAttachment.h */,
				A4BE92DD280812D6004C5238 /* LookinHierarchyInfo.m */,
				A4BE92DE280812D6004C5238 /* LookinDashboardBlueprint.m */,
				A4BE92DF280812D6004C5238 /* LookinDefines.h */,
				A4BE92E0280812D6004C5238 /* LookinObject.h */,
				A4BE92E1280812D6004C5238 /* LookinCodingValueType.h */,
			);
			path = Shared;
			sourceTree = "<group>";
		};
		A4BE929F280812D6004C5238 /* Category */ = {
			isa = PBXGroup;
			children = (
				A4BE92A0280812D6004C5238 /* NSString+Lookin.m */,
				A4BE92A1280812D6004C5238 /* NSArray+Lookin.m */,
				A4BE92A2280812D6004C5238 /* Image+Lookin.m */,
				A4BE92A3280812D6004C5238 /* NSSet+Lookin.m */,
				A4BE92A4280812D6004C5238 /* CALayer+Lookin.m */,
				A4BE92A5280812D6004C5238 /* Color+Lookin.h */,
				A4BE92A6280812D6004C5238 /* NSObject+Lookin.h */,
				A4BE92A7280812D6004C5238 /* NSString+Lookin.h */,
				A4BE92A8280812D6004C5238 /* Image+Lookin.h */,
				A4BE92A9280812D6004C5238 /* NSArray+Lookin.h */,
				A4BE92AA280812D6004C5238 /* CALayer+Lookin.h */,
				A4BE92AB280812D6004C5238 /* NSSet+Lookin.h */,
				A4BE92AC280812D6004C5238 /* NSObject+Lookin.m */,
				A4BE92AD280812D6004C5238 /* Color+Lookin.m */,
			);
			path = Category;
			sourceTree = "<group>";
		};
		A4BE92B4280812D6004C5238 /* Message */ = {
			isa = PBXGroup;
			children = (
				A4BE92B5280812D6004C5238 /* LookinMsgAttribute.m */,
				A4BE92B6280812D6004C5238 /* LookinMsgTargetAction.m */,
				A4BE92B7280812D6004C5238 /* LookinMsgAttribute.h */,
				A4BE92B8280812D6004C5238 /* LookinMsgTargetAction.h */,
			);
			path = Message;
			sourceTree = "<group>";
		};
		A4BE92C3280812D6004C5238 /* Peertalk */ = {
			isa = PBXGroup;
			children = (
				A4BE92C4280812D6004C5238 /* Lookin_PTChannel.m */,
				A4BE92C5280812D6004C5238 /* Lookin_PTUSBHub.h */,
				A4BE92C6280812D6004C5238 /* Lookin_PTProtocol.m */,
				A4BE92C7280812D6004C5238 /* Peertalk.h */,
				A4BE92C8280812D6004C5238 /* Lookin_PTUSBHub.m */,
				A4BE92C9280812D6004C5238 /* Lookin_PTChannel.h */,
				A4BE92CA280812D6004C5238 /* Lookin_PTProtocol.h */,
				A4BE92CB280812D6004C5238 /* Lookin_PTPrivate.h */,
			);
			path = Peertalk;
			sourceTree = "<group>";
		};
/* End PBXGroup section */

/* Begin PBXHeadersBuildPhase section */
		A4BE92312808128A004C5238 /* Headers */ = {
			isa = PBXHeadersBuildPhase;
			buildActionMask = 2147483647;
			files = (
				A4BE930D280812D6004C5238 /* LKS_RequestHandler.h in Headers */,
				A4BE9306280812D6004C5238 /* LKS_AttrModificationPatchHandler.h in Headers */,
				A4BE9350280812D6004C5238 /* LookinHierarchyInfo.h in Headers */,
				A4BE933D280812D6004C5238 /* Color+Lookin.h in Headers */,
				A4BE9346280812D6004C5238 /* LookinAttributesSection.h in Headers */,
				A4BE92E9280812D6004C5238 /* UIViewController+LookinServer.h in Headers */,
				A4BE9351280812D6004C5238 /* LookinDashboardBlueprint.h in Headers */,
				A4BE92E7280812D6004C5238 /* LKS_LocalInspectPanelLabelView.h in Headers */,
				A4BE9328280812D6004C5238 /* LKS_PerspectiveLayer.h in Headers */,
				A4BE930F280812D6004C5238 /* LKS_HierarchyDisplayItemsMaker.h in Headers */,
				A4BE92EB280812D6004C5238 /* UILabel+LookinServer.h in Headers */,
				A4BE9311280812D6004C5238 /* LookinServerDefines.h in Headers */,
				A4BE935D280812D6004C5238 /* Peertalk.h in Headers */,
				A4BE933F280812D6004C5238 /* NSString+Lookin.h in Headers */,
				A4BE931F280812D6004C5238 /* LookinServer.h in Headers */,
				A4BE9315280812D6004C5238 /* LKS_EventHandlerMaker.h in Headers */,
				A4BE9364280812D6004C5238 /* LookinIvarTrace.h in Headers */,
				A4BE9347280812D6004C5238 /* LookinWeakContainer.h in Headers */,
				A4BE92F3280812D6004C5238 /* UITextView+LookinServer.h in Headers */,
				A4BE92F2280812D6004C5238 /* CALayer+LookinServer.h in Headers */,
				A4BE9342280812D6004C5238 /* CALayer+Lookin.h in Headers */,
				A4BE9326280812D6004C5238 /* LKS_PerspectiveHierarchyCell.h in Headers */,
				A4BE9322280812D6004C5238 /* LKS_PerspectiveHierarchyView.h in Headers */,
				A4BE9343280812D6004C5238 /* NSSet+Lookin.h in Headers */,
				A4BE934A280812D6004C5238 /* LookinAttrIdentifiers.h in Headers */,
				A4BE92F4280812D6004C5238 /* UIImageView+LookinServer.h in Headers */,
				A4BE9372280812D7004C5238 /* LookinConnectionResponseAttachment.h in Headers */,
				A4BE936D280812D6004C5238 /* LookinHierarchyFile.h in Headers */,
				A4BE935F280812D6004C5238 /* Lookin_PTChannel.h in Headers */,
				A4BE9348280812D6004C5238 /* LookinAttributeModification.h in Headers */,
				A4BE9313280812D6004C5238 /* LKS_Helper.h in Headers */,
				A4BE935B280812D6004C5238 /* Lookin_PTUSBHub.h in Headers */,
				A4BE936E280812D6004C5238 /* LookinConnectionAttachment.h in Headers */,
				A4BE9376280812D7004C5238 /* LookinObject.h in Headers */,
				A4BE9308280812D6004C5238 /* LKS_AttrModificationHandler.h in Headers */,
				A4BE934F280812D6004C5238 /* LookinMsgTargetAction.h in Headers */,
				A4BE9369280812D6004C5238 /* LookinMethodTraceRecord.h in Headers */,
				A4BE9323280812D6004C5238 /* LKS_PerspectiveToolbarButtons.h in Headers */,
				A4BE931A280812D6004C5238 /* LKS_TraceManager.h in Headers */,
				A4BE92FA280812D6004C5238 /* UIImage+LookinServer.h in Headers */,
				A4BE9341280812D6004C5238 /* NSArray+Lookin.h in Headers */,
				A4BE9363280812D6004C5238 /* LookinScreenshotFetchManager.h in Headers */,
				A4BE92F1280812D6004C5238 /* UIColor+LookinServer.h in Headers */,
				A4BE9321280812D6004C5238 /* LKS_PerspectiveDataSource.h in Headers */,
				A4BE9371280812D7004C5238 /* LookinAutoLayoutConstraint.h in Headers */,
				A4BE92F5280812D6004C5238 /* UIGestureRecognizer+LookinServer.h in Headers */,
				A4BE92E3280812D6004C5238 /* LKS_LocalInspectViewController.h in Headers */,
				A4BE934E280812D6004C5238 /* LookinMsgAttribute.h in Headers */,
				A4BE92EA280812D6004C5238 /* UITableView+LookinServer.h in Headers */,
				A4BE9305280812D6004C5238 /* LKS_HierarchyDetailsHandler.h in Headers */,
				A4BE9370280812D7004C5238 /* LookinTuple.h in Headers */,
				A4BE9360280812D6004C5238 /* Lookin_PTProtocol.h in Headers */,
				A4BE930C280812D6004C5238 /* LKS_ConnectionManager.h in Headers */,
				A4BE9365280812D6004C5238 /* LookinDisplayItem.h in Headers */,
				A4BE9377280812D7004C5238 /* LookinCodingValueType.h in Headers */,
				A4BE9331280812D6004C5238 /* LookinDisplayItemDetail.h in Headers */,
				A4BE92F0280812D6004C5238 /* UIBlurEffect+LookinServer.h in Headers */,
				A4BE932F280812D6004C5238 /* LKS_PerspectiveManager.h in Headers */,
				A4BE92EF280812D6004C5238 /* NSObject+LookinServer.h in Headers */,
				A4BE9333280812D6004C5238 /* LookinAttrType.h in Headers */,
				A4BE9361280812D6004C5238 /* Lookin_PTPrivate.h in Headers */,
				A4BE936F280812D7004C5238 /* LookinAppInfo.h in Headers */,
				A4BE9366280812D6004C5238 /* LookinEventHandler.h in Headers */,
				A4BE9358280812D6004C5238 /* LookinAttributesGroup.h in Headers */,
				A4BE9330280812D6004C5238 /* LookinAttribute.h in Headers */,
				A4BE933E280812D6004C5238 /* NSObject+Lookin.h in Headers */,
				A4BE9375280812D7004C5238 /* LookinDefines.h in Headers */,
				A4BE9325280812D6004C5238 /* LKS_PerspectiveItemLayer.h in Headers */,
				A4BE930E280812D6004C5238 /* LKS_ObjectRegistry.h in Headers */,
				A4BE9334280812D6004C5238 /* LookinStaticAsyncUpdateTask.h in Headers */,
				A4BE931D280812D6004C5238 /* LKS_ExportManager.h in Headers */,
				A4BE92EC280812D6004C5238 /* UIVisualEffectView+LookinServer.h in Headers */,
				A4BE9314280812D6004C5238 /* LKS_AttrGroupsMaker.h in Headers */,
				A4BE9310280812D6004C5238 /* LKS_MethodTraceManager.h in Headers */,
				A4BE92E8280812D6004C5238 /* UIView+LookinServer.h in Headers */,
				A4BE932C280812D6004C5238 /* LKS_PerspectiveViewController.h in Headers */,
				A4BE92EE280812D6004C5238 /* UITextField+LookinServer.h in Headers */,
				A4BE9340280812D6004C5238 /* Image+Lookin.h in Headers */,
				A4BE92E2280812D6004C5238 /* LKS_LocalInspectManager.h in Headers */,
			);
			runOnlyForDeploymentPostprocessing = 0;
		};
/* End PBXHeadersBuildPhase section */

/* Begin PBXNativeTarget section */
		A4BE92352808128A004C5238 /* LookinServer */ = {
			isa = PBXNativeTarget;
			buildConfigurationList = A4BE923D2808128A004C5238 /* Build configuration list for PBXNativeTarget "LookinServer" */;
			buildPhases = (
				A4BE92312808128A004C5238 /* Headers */,
				A4BE92322808128A004C5238 /* Sources */,
				A4BE92332808128A004C5238 /* Frameworks */,
				A4BE92342808128A004C5238 /* Resources */,
			);
			buildRules = (
			);
			dependencies = (
			);
			name = LookinServer;
			productName = LookinServer;
			productReference = A4BE92362808128A004C5238 /* LookinServer.framework */;
			productType = "com.apple.product-type.framework";
		};
/* End PBXNativeTarget section */

/* Begin PBXProject section */
		A4BE922D2808128A004C5238 /* Project object */ = {
			isa = PBXProject;
			attributes = {
				BuildIndependentTargetsInParallel = 1;
				LastUpgradeCheck = 1330;
				TargetAttributes = {
					A4BE92352808128A004C5238 = {
						CreatedOnToolsVersion = 13.3;
					};
				};
			};
			buildConfigurationList = A4BE92302808128A004C5238 /* Build configuration list for PBXProject "LookinServer" */;
			compatibilityVersion = "Xcode 13.0";
			developmentRegion = en;
			hasScannedForEncodings = 0;
			knownRegions = (
				en,
				Base,
			);
			mainGroup = A4BE922C2808128A004C5238;
			productRefGroup = A4BE92372808128A004C5238 /* Products */;
			projectDirPath = "";
			projectRoot = "";
			targets = (
				A4BE92352808128A004C5238 /* LookinServer */,
			);
		};
/* End PBXProject section */

/* Begin PBXResourcesBuildPhase section */
		A4BE92342808128A004C5238 /* Resources */ = {
			isa = PBXResourcesBuildPhase;
			buildActionMask = 2147483647;
			files = (
			);
			runOnlyForDeploymentPostprocessing = 0;
		};
/* End PBXResourcesBuildPhase section */

/* Begin PBXSourcesBuildPhase section */
		A4BE92322808128A004C5238 /* Sources */ = {
			isa = PBXSourcesBuildPhase;
			buildActionMask = 2147483647;
			files = (
				A4BE9345280812D6004C5238 /* Color+Lookin.m in Sources */,
				A4BE9302280812D6004C5238 /* UIGestureRecognizer+LookinServer.m in Sources */,
				A4BE9324280812D6004C5238 /* LKS_PerspectiveManager.m in Sources */,
				A4BE9355280812D6004C5238 /* LookinAppInfo.m in Sources */,
				A4BE9319280812D6004C5238 /* LKS_ObjectRegistry.m in Sources */,
				A4BE9301280812D6004C5238 /* NSObject+LookinServer.m in Sources */,
				A4BE92ED280812D6004C5238 /* UIImage+LookinServer.m in Sources */,
				A4BE92F7280812D6004C5238 /* UIViewController+LookinServer.m in Sources */,
				A4BE9352280812D6004C5238 /* LookinAutoLayoutConstraint.m in Sources */,
				A4BE9327280812D6004C5238 /* LKS_PerspectiveViewController.m in Sources */,
				A4BE9304280812D6004C5238 /* LKS_AttrModificationHandler.m in Sources */,
				A4BE9312280812D6004C5238 /* LKS_TraceManager.m in Sources */,
				A4BE9362280812D6004C5238 /* LookinAttribute.m in Sources */,
				A4BE9317280812D6004C5238 /* LKS_MethodTraceManager.m in Sources */,
				A4BE9300280812D6004C5238 /* UIColor+LookinServer.m in Sources */,
				A4BE9335280812D6004C5238 /* LookinEventHandler.m in Sources */,
				A4BE92FF280812D6004C5238 /* UIBlurEffect+LookinServer.m in Sources */,
				A4BE934C280812D6004C5238 /* LookinMsgAttribute.m in Sources */,
				A4BE931C280812D6004C5238 /* LKS_Helper.m in Sources */,
				A4BE92F9280812D6004C5238 /* UITextField+LookinServer.m in Sources */,
				A4BE935E280812D6004C5238 /* Lookin_PTUSBHub.m in Sources */,
				A4BE9307280812D6004C5238 /* LKS_HierarchyDetailsHandler.m in Sources */,
				A4BE9338280812D6004C5238 /* NSString+Lookin.m in Sources */,
				A4BE933A280812D6004C5238 /* Image+Lookin.m in Sources */,
				A4BE931B280812D6004C5238 /* LKS_AttrGroupsMaker.m in Sources */,
				A4BE9309280812D6004C5238 /* LKS_AttrModificationPatchHandler.m in Sources */,
				A4BE9359280812D6004C5238 /* LookinDisplayItemDetail.m in Sources */,
				A4BE9329280812D6004C5238 /* LKS_PerspectiveToolbarButtons.m in Sources */,
				A4BE9332280812D6004C5238 /* LookinAttributesGroup.m in Sources */,
				A4BE932E280812D6004C5238 /* LKS_PerspectiveItemLayer.m in Sources */,
				A4BE92FB280812D6004C5238 /* UIVisualEffectView+LookinServer.m in Sources */,
				A4BE9316280812D6004C5238 /* LKS_ExportManager.m in Sources */,
				A4BE931E280812D6004C5238 /* LKS_EventHandlerMaker.m in Sources */,
				A4BE9349280812D6004C5238 /* LookinMethodTraceRecord.m in Sources */,
				A4BE930A280812D6004C5238 /* LKS_ConnectionManager.m in Sources */,
				A4BE9344280812D6004C5238 /* NSObject+Lookin.m in Sources */,
				A4BE9336280812D6004C5238 /* LookinDisplayItem.m in Sources */,
				A4BE9353280812D6004C5238 /* LookinConnectionResponseAttachment.m in Sources */,
				A4BE92FE280812D6004C5238 /* CALayer+LookinServer.m in Sources */,
				A4BE9357280812D6004C5238 /* LookinConnectionAttachment.m in Sources */,
				A4BE936A280812D6004C5238 /* LookinWeakContainer.m in Sources */,
				A4BE92F8280812D6004C5238 /* UIView+LookinServer.m in Sources */,
				A4BE92F6280812D6004C5238 /* UITableView+LookinServer.m in Sources */,
				A4BE934B280812D6004C5238 /* LookinObject.m in Sources */,
				A4BE9339280812D6004C5238 /* NSArray+Lookin.m in Sources */,
				A4BE92E4280812D6004C5238 /* LKS_LocalInspectPanelLabelView.m in Sources */,
				A4BE92FC280812D6004C5238 /* UILabel+LookinServer.m in Sources */,
				A4BE933C280812D6004C5238 /* CALayer+Lookin.m in Sources */,
				A4BE92E6280812D6004C5238 /* LKS_LocalInspectViewController.m in Sources */,
				A4BE933B280812D6004C5238 /* NSSet+Lookin.m in Sources */,
				A4BE92FD280812D6004C5238 /* UITextView+LookinServer.m in Sources */,
				A4BE936C280812D6004C5238 /* LookinAttributesSection.m in Sources */,
				A4BE92E5280812D6004C5238 /* LKS_LocalInspectManager.m in Sources */,
				A4BE935A280812D6004C5238 /* Lookin_PTChannel.m in Sources */,
				A4BE9356280812D6004C5238 /* LookinHierarchyFile.m in Sources */,
				A4BE932A280812D6004C5238 /* LKS_PerspectiveHierarchyView.m in Sources */,
				A4BE9320280812D6004C5238 /* LKS_PerspectiveLayer.m in Sources */,
				A4BE932B280812D6004C5238 /* LKS_PerspectiveDataSource.m in Sources */,
				A4BE9303280812D6004C5238 /* UIImageView+LookinServer.m in Sources */,
				A4BE9373280812D7004C5238 /* LookinHierarchyInfo.m in Sources */,
				A4BE932D280812D6004C5238 /* LKS_PerspectiveHierarchyCell.m in Sources */,
				A4BE9374280812D7004C5238 /* LookinDashboardBlueprint.m in Sources */,
				A4BE934D280812D6004C5238 /* LookinMsgTargetAction.m in Sources */,
				A4BE9367280812D6004C5238 /* LookinStaticAsyncUpdateTask.m in Sources */,
				A4BE935C280812D6004C5238 /* Lookin_PTProtocol.m in Sources */,
				A4BE936B280812D6004C5238 /* LookinAttributeModification.m in Sources */,
				A4BE9318280812D6004C5238 /* LKS_HierarchyDisplayItemsMaker.m in Sources */,
				A4BE930B280812D6004C5238 /* LKS_RequestHandler.m in Sources */,
				A4BE9354280812D6004C5238 /* LookinTuple.m in Sources */,
				A4BE9337280812D6004C5238 /* LookinIvarTrace.m in Sources */,
				A4BE9368280812D6004C5238 /* LookinAttrIdentifiers.m in Sources */,
			);
			runOnlyForDeploymentPostprocessing = 0;
		};
/* End PBXSourcesBuildPhase section */

/* Begin XCBuildConfiguration section */
		A4BE923B2808128A004C5238 /* Debug */ = {
			isa = XCBuildConfiguration;
			buildSettings = {
				ALWAYS_SEARCH_USER_PATHS = NO;
				CLANG_ANALYZER_NONNULL = YES;
				CLANG_ANALYZER_NUMBER_OBJECT_CONVERSION = YES_AGGRESSIVE;
				CLANG_CXX_LANGUAGE_STANDARD = "gnu++17";
				CLANG_ENABLE_MODULES = YES;
				CLANG_ENABLE_OBJC_ARC = YES;
				CLANG_ENABLE_OBJC_WEAK = YES;
				CLANG_WARN_BLOCK_CAPTURE_AUTORELEASING = YES;
				CLANG_WARN_BOOL_CONVERSION = YES;
				CLANG_WARN_COMMA = YES;
				CLANG_WARN_CONSTANT_CONVERSION = YES;
				CLANG_WARN_DEPRECATED_OBJC_IMPLEMENTATIONS = YES;
				CLANG_WARN_DIRECT_OBJC_ISA_USAGE = YES_ERROR;
				CLANG_WARN_DOCUMENTATION_COMMENTS = YES;
				CLANG_WARN_EMPTY_BODY = YES;
				CLANG_WARN_ENUM_CONVERSION = YES;
				CLANG_WARN_INFINITE_RECURSION = YES;
				CLANG_WARN_INT_CONVERSION = YES;
				CLANG_WARN_NON_LITERAL_NULL_CONVERSION = YES;
				CLANG_WARN_OBJC_IMPLICIT_RETAIN_SELF = YES;
				CLANG_WARN_OBJC_LITERAL_CONVERSION = YES;
				CLANG_WARN_OBJC_ROOT_CLASS = YES_ERROR;
				CLANG_WARN_QUOTED_INCLUDE_IN_FRAMEWORK_HEADER = YES;
				CLANG_WARN_RANGE_LOOP_ANALYSIS = YES;
				CLANG_WARN_STRICT_PROTOTYPES = YES;
				CLANG_WARN_SUSPICIOUS_MOVE = YES;
				CLANG_WARN_UNGUARDED_AVAILABILITY = YES_AGGRESSIVE;
				CLANG_WARN_UNREACHABLE_CODE = YES;
				CLANG_WARN__DUPLICATE_METHOD_MATCH = YES;
				COPY_PHASE_STRIP = NO;
				CURRENT_PROJECT_VERSION = 1;
				DEBUG_INFORMATION_FORMAT = dwarf;
				ENABLE_STRICT_OBJC_MSGSEND = YES;
				ENABLE_TESTABILITY = YES;
				GCC_C_LANGUAGE_STANDARD = gnu11;
				GCC_DYNAMIC_NO_PIC = NO;
				GCC_NO_COMMON_BLOCKS = YES;
				GCC_OPTIMIZATION_LEVEL = 0;
				GCC_PREPROCESSOR_DEFINITIONS = (
					"DEBUG=1",
					"$(inherited)",
				);
				GCC_WARN_64_TO_32_BIT_CONVERSION = YES;
				GCC_WARN_ABOUT_RETURN_TYPE = YES_ERROR;
				GCC_WARN_UNDECLARED_SELECTOR = YES;
				GCC_WARN_UNINITIALIZED_AUTOS = YES_AGGRESSIVE;
				GCC_WARN_UNUSED_FUNCTION = YES;
				GCC_WARN_UNUSED_VARIABLE = YES;
				IPHONEOS_DEPLOYMENT_TARGET = 15.4;
				MTL_ENABLE_DEBUG_INFO = INCLUDE_SOURCE;
				MTL_FAST_MATH = YES;
				ONLY_ACTIVE_ARCH = YES;
				SDKROOT = iphoneos;
				SWIFT_ACTIVE_COMPILATION_CONDITIONS = DEBUG;
				SWIFT_OPTIMIZATION_LEVEL = "-Onone";
				VERSIONING_SYSTEM = "apple-generic";
				VERSION_INFO_PREFIX = "";
			};
			name = Debug;
		};
		A4BE923C2808128A004C5238 /* Release */ = {
			isa = XCBuildConfiguration;
			buildSettings = {
				ALWAYS_SEARCH_USER_PATHS = NO;
				CLANG_ANALYZER_NONNULL = YES;
				CLANG_ANALYZER_NUMBER_OBJECT_CONVERSION = YES_AGGRESSIVE;
				CLANG_CXX_LANGUAGE_STANDARD = "gnu++17";
				CLANG_ENABLE_MODULES = YES;
				CLANG_ENABLE_OBJC_ARC = YES;
				CLANG_ENABLE_OBJC_WEAK = YES;
				CLANG_WARN_BLOCK_CAPTURE_AUTORELEASING = YES;
				CLANG_WARN_BOOL_CONVERSION = YES;
				CLANG_WARN_COMMA = YES;
				CLANG_WARN_CONSTANT_CONVERSION = YES;
				CLANG_WARN_DEPRECATED_OBJC_IMPLEMENTATIONS = YES;
				CLANG_WARN_DIRECT_OBJC_ISA_USAGE = YES_ERROR;
				CLANG_WARN_DOCUMENTATION_COMMENTS = YES;
				CLANG_WARN_EMPTY_BODY = YES;
				CLANG_WARN_ENUM_CONVERSION = YES;
				CLANG_WARN_INFINITE_RECURSION = YES;
				CLANG_WARN_INT_CONVERSION = YES;
				CLANG_WARN_NON_LITERAL_NULL_CONVERSION = YES;
				CLANG_WARN_OBJC_IMPLICIT_RETAIN_SELF = YES;
				CLANG_WARN_OBJC_LITERAL_CONVERSION = YES;
				CLANG_WARN_OBJC_ROOT_CLASS = YES_ERROR;
				CLANG_WARN_QUOTED_INCLUDE_IN_FRAMEWORK_HEADER = YES;
				CLANG_WARN_RANGE_LOOP_ANALYSIS = YES;
				CLANG_WARN_STRICT_PROTOTYPES = YES;
				CLANG_WARN_SUSPICIOUS_MOVE = YES;
				CLANG_WARN_UNGUARDED_AVAILABILITY = YES_AGGRESSIVE;
				CLANG_WARN_UNREACHABLE_CODE = YES;
				CLANG_WARN__DUPLICATE_METHOD_MATCH = YES;
				COPY_PHASE_STRIP = NO;
				CURRENT_PROJECT_VERSION = 1;
				DEBUG_INFORMATION_FORMAT = "dwarf-with-dsym";
				ENABLE_NS_ASSERTIONS = NO;
				ENABLE_STRICT_OBJC_MSGSEND = YES;
				GCC_C_LANGUAGE_STANDARD = gnu11;
				GCC_NO_COMMON_BLOCKS = YES;
				GCC_WARN_64_TO_32_BIT_CONVERSION = YES;
				GCC_WARN_ABOUT_RETURN_TYPE = YES_ERROR;
				GCC_WARN_UNDECLARED_SELECTOR = YES;
				GCC_WARN_UNINITIALIZED_AUTOS = YES_AGGRESSIVE;
				GCC_WARN_UNUSED_FUNCTION = YES;
				GCC_WARN_UNUSED_VARIABLE = YES;
				IPHONEOS_DEPLOYMENT_TARGET = 15.4;
				MTL_ENABLE_DEBUG_INFO = NO;
				MTL_FAST_MATH = YES;
				SDKROOT = iphoneos;
				SWIFT_COMPILATION_MODE = wholemodule;
				SWIFT_OPTIMIZATION_LEVEL = "-O";
				VALIDATE_PRODUCT = YES;
				VERSIONING_SYSTEM = "apple-generic";
				VERSION_INFO_PREFIX = "";
			};
			name = Release;
		};
		A4BE923E2808128A004C5238 /* Debug */ = {
			isa = XCBuildConfiguration;
			buildSettings = {
				CODE_SIGN_STYLE = Automatic;
				CURRENT_PROJECT_VERSION = 1;
				DEFINES_MODULE = YES;
				DEVELOPMENT_TEAM = Y7BCF82NHQ;
				DYLIB_COMPATIBILITY_VERSION = 1;
				DYLIB_CURRENT_VERSION = 1;
				DYLIB_INSTALL_NAME_BASE = "@rpath";
				GENERATE_INFOPLIST_FILE = YES;
				INFOPLIST_KEY_NSHumanReadableCopyright = "";
				INSTALL_PATH = "$(LOCAL_LIBRARY_DIR)/Frameworks";
				LD_RUNPATH_SEARCH_PATHS = (
					"$(inherited)",
					"@executable_path/Frameworks",
					"@loader_path/Frameworks",
				);
				MARKETING_VERSION = 1.0;
				PRODUCT_BUNDLE_IDENTIFIER = com.farfetch.china.LookinServer;
				PRODUCT_NAME = "$(TARGET_NAME:c99extidentifier)";
				SKIP_INSTALL = YES;
				SWIFT_EMIT_LOC_STRINGS = YES;
				SWIFT_VERSION = 5.0;
				TARGETED_DEVICE_FAMILY = "1,2";
			};
			name = Debug;
		};
		A4BE923F2808128A004C5238 /* Release */ = {
			isa = XCBuildConfiguration;
			buildSettings = {
				CODE_SIGN_STYLE = Automatic;
				CURRENT_PROJECT_VERSION = 1;
				DEFINES_MODULE = YES;
				DEVELOPMENT_TEAM = Y7BCF82NHQ;
				DYLIB_COMPATIBILITY_VERSION = 1;
				DYLIB_CURRENT_VERSION = 1;
				DYLIB_INSTALL_NAME_BASE = "@rpath";
				GENERATE_INFOPLIST_FILE = YES;
				INFOPLIST_KEY_NSHumanReadableCopyright = "";
				INSTALL_PATH = "$(LOCAL_LIBRARY_DIR)/Frameworks";
				LD_RUNPATH_SEARCH_PATHS = (
					"$(inherited)",
					"@executable_path/Frameworks",
					"@loader_path/Frameworks",
				);
				MARKETING_VERSION = 1.0;
				PRODUCT_BUNDLE_IDENTIFIER = com.farfetch.china.LookinServer;
				PRODUCT_NAME = "$(TARGET_NAME:c99extidentifier)";
				SKIP_INSTALL = YES;
				SWIFT_EMIT_LOC_STRINGS = YES;
				SWIFT_VERSION = 5.0;
				TARGETED_DEVICE_FAMILY = "1,2";
			};
			name = Release;
		};
/* End XCBuildConfiguration section */

/* Begin XCConfigurationList section */
		A4BE92302808128A004C5238 /* Build configuration list for PBXProject "LookinServer" */ = {
			isa = XCConfigurationList;
			buildConfigurations = (
				A4BE923B2808128A004C5238 /* Debug */,
				A4BE923C2808128A004C5238 /* Release */,
			);
			defaultConfigurationIsVisible = 0;
			defaultConfigurationName = Release;
		};
		A4BE923D2808128A004C5238 /* Build configuration list for PBXNativeTarget "LookinServer" */ = {
			isa = XCConfigurationList;
			buildConfigurations = (
				A4BE923E2808128A004C5238 /* Debug */,
				A4BE923F2808128A004C5238 /* Release */,
			);
			defaultConfigurationIsVisible = 0;
			defaultConfigurationName = Release;
		};
/* End XCConfigurationList section */
	};
	rootObject = A4BE922D2808128A004C5238 /* Project object */;
}
